// !$*UTF8*$!
{
	archiveVersion = 1;
	classes = {
	};
	objectVersion = 46;
	objects = {

/* Begin PBXBuildFile section */
		A40B56EF15032CBF0045C9B1 /* User.m in Sources */ = {isa = PBXBuildFile; fileRef = A40B56EE15032CBF0045C9B1 /* User.m */; };
		A40B56F215032CDE0045C9B1 /* PictureStatus.m in Sources */ = {isa = PBXBuildFile; fileRef = A40B56F115032CDE0045C9B1 /* PictureStatus.m */; };
		A40B56F515032CFF0045C9B1 /* Board.m in Sources */ = {isa = PBXBuildFile; fileRef = A40B56F415032CFF0045C9B1 /* Board.m */; };
		A40B56F81503394C0045C9B1 /* Category.m in Sources */ = {isa = PBXBuildFile; fileRef = A40B56F71503394C0045C9B1 /* Category.m */; };
		A40B56FB150339790045C9B1 /* Comment.m in Sources */ = {isa = PBXBuildFile; fileRef = A40B56FA150339790045C9B1 /* Comment.m */; };
		A40B56FF15034A510045C9B1 /* PicShareEngine.m in Sources */ = {isa = PBXBuildFile; fileRef = A40B56FE15034A510045C9B1 /* PicShareEngine.m */; };
		A40B5716150474200045C9B1 /* CategoriesViewController.m in Sources */ = {isa = PBXBuildFile; fileRef = A40B5714150474200045C9B1 /* CategoriesViewController.m */; };
		A40B5717150474200045C9B1 /* CategoriesViewController.xib in Resources */ = {isa = PBXBuildFile; fileRef = A40B5715150474200045C9B1 /* CategoriesViewController.xib */; };
		A40B57391504770F0045C9B1 /* CFNetwork.framework in Frameworks */ = {isa = PBXBuildFile; fileRef = A40B57381504770F0045C9B1 /* CFNetwork.framework */; };
		A40B573B1504771F0045C9B1 /* SystemConfiguration.framework in Frameworks */ = {isa = PBXBuildFile; fileRef = A40B573A1504771F0045C9B1 /* SystemConfiguration.framework */; };
		A40B573D150477240045C9B1 /* MobileCoreServices.framework in Frameworks */ = {isa = PBXBuildFile; fileRef = A40B573C150477240045C9B1 /* MobileCoreServices.framework */; };
		A40B573F150477600045C9B1 /* libz.dylib in Frameworks */ = {isa = PBXBuildFile; fileRef = A40B573E150477600045C9B1 /* libz.dylib */; };
		A40B57521504B2640045C9B1 /* BoardsListCell.m in Sources */ = {isa = PBXBuildFile; fileRef = A40B57511504B2640045C9B1 /* BoardsListCell.m */; };
		A40B57551504B2B00045C9B1 /* BoardsListViewController.m in Sources */ = {isa = PBXBuildFile; fileRef = A40B57541504B2B00045C9B1 /* BoardsListViewController.m */; };
		A40B57571504C3280045C9B1 /* Design.xib in Resources */ = {isa = PBXBuildFile; fileRef = A40B57561504C3280045C9B1 /* Design.xib */; };
		A40B576E1505211C0045C9B1 /* AsyncImageDownloader.m in Sources */ = {isa = PBXBuildFile; fileRef = A40B576D1505211C0045C9B1 /* AsyncImageDownloader.m */; };
		A4103E63155A573000E06D06 /* rounded_table_cell_bottom.png in Resources */ = {isa = PBXBuildFile; fileRef = A4103E5C155A573000E06D06 /* rounded_table_cell_bottom.png */; };
		A4103E64155A573000E06D06 /* rounded_table_cell_bottom@2x.png in Resources */ = {isa = PBXBuildFile; fileRef = A4103E5D155A573000E06D06 /* rounded_table_cell_bottom@2x.png */; };
		A4103E65155A573000E06D06 /* rounded_table_cell_button.png in Resources */ = {isa = PBXBuildFile; fileRef = A4103E5E155A573000E06D06 /* rounded_table_cell_button.png */; };
		A4103E66155A573000E06D06 /* rounded_table_cell_header.png in Resources */ = {isa = PBXBuildFile; fileRef = A4103E5F155A573000E06D06 /* rounded_table_cell_header.png */; };
		A4103E67155A573000E06D06 /* rounded_table_cell_top.png in Resources */ = {isa = PBXBuildFile; fileRef = A4103E60155A573000E06D06 /* rounded_table_cell_top.png */; };
		A4103E68155A573000E06D06 /* rounded_table_cell_top@2x.png in Resources */ = {isa = PBXBuildFile; fileRef = A4103E61155A573000E06D06 /* rounded_table_cell_top@2x.png */; };
		A4103E69155A573000E06D06 /* rounded_table_cell.png in Resources */ = {isa = PBXBuildFile; fileRef = A4103E62155A573000E06D06 /* rounded_table_cell.png */; };
		A4103E75155B7AF900E06D06 /* TabbarViewController.xib in Resources */ = {isa = PBXBuildFile; fileRef = A4103E74155B7AF900E06D06 /* TabbarViewController.xib */; };
		A41DC94C156683CC001AB71C /* first_run_bg@2x.png in Resources */ = {isa = PBXBuildFile; fileRef = A41DC946156683CC001AB71C /* first_run_bg@2x.png */; };
		A41DC94D156683CC001AB71C /* sign_in.png in Resources */ = {isa = PBXBuildFile; fileRef = A41DC947156683CC001AB71C /* sign_in.png */; };
		A41DC94E156683CC001AB71C /* sign_in@2x.png in Resources */ = {isa = PBXBuildFile; fileRef = A41DC948156683CC001AB71C /* sign_in@2x.png */; };
		A41DC94F156683CC001AB71C /* sign_up.png in Resources */ = {isa = PBXBuildFile; fileRef = A41DC949156683CC001AB71C /* sign_up.png */; };
		A41DC950156683CC001AB71C /* sign_up@2x.png in Resources */ = {isa = PBXBuildFile; fileRef = A41DC94A156683CC001AB71C /* sign_up@2x.png */; };
		A41DC95315668431001AB71C /* first_run_bg.png in Resources */ = {isa = PBXBuildFile; fileRef = A41DC95215668431001AB71C /* first_run_bg.png */; };
		A4203CE4151D8477008B29A9 /* PictureInfoEditViewController.m in Sources */ = {isa = PBXBuildFile; fileRef = A4203CE2151D8477008B29A9 /* PictureInfoEditViewController.m */; };
		A4203CE5151D8477008B29A9 /* PictureInfoEditViewController.xib in Resources */ = {isa = PBXBuildFile; fileRef = A4203CE3151D8477008B29A9 /* PictureInfoEditViewController.xib */; };
		A4462BC31516EF75003E5F9F /* followButton.png in Resources */ = {isa = PBXBuildFile; fileRef = A4462BC11516EF75003E5F9F /* followButton.png */; };
		A4462BC41516EF75003E5F9F /* followButton@2x.png in Resources */ = {isa = PBXBuildFile; fileRef = A4462BC21516EF75003E5F9F /* followButton@2x.png */; };
		A4462BD01516F726003E5F9F /* followButton-press.png in Resources */ = {isa = PBXBuildFile; fileRef = A4462BCE1516F726003E5F9F /* followButton-press.png */; };
		A4462BD11516F726003E5F9F /* followButton-press@2x.png in Resources */ = {isa = PBXBuildFile; fileRef = A4462BCF1516F726003E5F9F /* followButton-press@2x.png */; };
		A4462BD61516FAB4003E5F9F /* unfoButton-press.png in Resources */ = {isa = PBXBuildFile; fileRef = A4462BD21516FAB4003E5F9F /* unfoButton-press.png */; };
		A4462BD71516FAB4003E5F9F /* unfoButton-press@2x.png in Resources */ = {isa = PBXBuildFile; fileRef = A4462BD31516FAB4003E5F9F /* unfoButton-press@2x.png */; };
		A4462BD81516FAB4003E5F9F /* unfoButton.png in Resources */ = {isa = PBXBuildFile; fileRef = A4462BD41516FAB4003E5F9F /* unfoButton.png */; };
		A4462BD91516FAB4003E5F9F /* unfoButton@2x.png in Resources */ = {isa = PBXBuildFile; fileRef = A4462BD51516FAB4003E5F9F /* unfoButton@2x.png */; };
		A4462BF01517145F003E5F9F /* house.png in Resources */ = {isa = PBXBuildFile; fileRef = A4462BEC1517145E003E5F9F /* house.png */; };
		A4462BF11517145F003E5F9F /* glass.png in Resources */ = {isa = PBXBuildFile; fileRef = A4462BED1517145E003E5F9F /* glass.png */; };
		A4462BF21517145F003E5F9F /* mail.png in Resources */ = {isa = PBXBuildFile; fileRef = A4462BEE1517145F003E5F9F /* mail.png */; };
		A4462BF31517145F003E5F9F /* man.png in Resources */ = {isa = PBXBuildFile; fileRef = A4462BEF1517145F003E5F9F /* man.png */; };
		A4462BF8151714B1003E5F9F /* house@2x.png in Resources */ = {isa = PBXBuildFile; fileRef = A4462BF4151714B0003E5F9F /* house@2x.png */; };
		A4462BF9151714B1003E5F9F /* glass@2x.png in Resources */ = {isa = PBXBuildFile; fileRef = A4462BF5151714B1003E5F9F /* glass@2x.png */; };
		A4462BFA151714B1003E5F9F /* mail@2x.png in Resources */ = {isa = PBXBuildFile; fileRef = A4462BF6151714B1003E5F9F /* mail@2x.png */; };
		A4462BFB151714B1003E5F9F /* man@2x.png in Resources */ = {isa = PBXBuildFile; fileRef = A4462BF7151714B1003E5F9F /* man@2x.png */; };
		A44DE73D1515960F0048681E /* button-hover.png in Resources */ = {isa = PBXBuildFile; fileRef = A44DE7391515960F0048681E /* button-hover.png */; };
		A44DE73E1515960F0048681E /* button-hover@2x.png in Resources */ = {isa = PBXBuildFile; fileRef = A44DE73A1515960F0048681E /* button-hover@2x.png */; };
		A44DE73F1515960F0048681E /* button.png in Resources */ = {isa = PBXBuildFile; fileRef = A44DE73B1515960F0048681E /* button.png */; };
		A44DE7401515960F0048681E /* button@2x.png in Resources */ = {isa = PBXBuildFile; fileRef = A44DE73C1515960F0048681E /* button@2x.png */; };
		A44DE7811515F1AE0048681E /* UsersListViewController.m in Sources */ = {isa = PBXBuildFile; fileRef = A44DE77F1515F1AE0048681E /* UsersListViewController.m */; };
		A44DE7821515F1AE0048681E /* UsersListViewController.xib in Resources */ = {isa = PBXBuildFile; fileRef = A44DE7801515F1AE0048681E /* UsersListViewController.xib */; };
		A44DEBE11519CE5800EAC9C7 /* rc-1.png in Resources */ = {isa = PBXBuildFile; fileRef = A44DEBDD1519CE5800EAC9C7 /* rc-1.png */; };
		A44DEBE21519CE5800EAC9C7 /* rc-2.png in Resources */ = {isa = PBXBuildFile; fileRef = A44DEBDE1519CE5800EAC9C7 /* rc-2.png */; };
		A44DEBE31519CE5800EAC9C7 /* rc-3.png in Resources */ = {isa = PBXBuildFile; fileRef = A44DEBDF1519CE5800EAC9C7 /* rc-3.png */; };
		A44DEBE41519CE5800EAC9C7 /* rc-4.png in Resources */ = {isa = PBXBuildFile; fileRef = A44DEBE01519CE5800EAC9C7 /* rc-4.png */; };
		A44E235614F7746600A73307 /* UIKit.framework in Frameworks */ = {isa = PBXBuildFile; fileRef = A44E235514F7746600A73307 /* UIKit.framework */; };
		A44E235814F7746600A73307 /* Foundation.framework in Frameworks */ = {isa = PBXBuildFile; fileRef = A44E235714F7746600A73307 /* Foundation.framework */; };
		A44E235A14F7746600A73307 /* CoreGraphics.framework in Frameworks */ = {isa = PBXBuildFile; fileRef = A44E235914F7746600A73307 /* CoreGraphics.framework */; };
		A44E236014F7746600A73307 /* InfoPlist.strings in Resources */ = {isa = PBXBuildFile; fileRef = A44E235E14F7746600A73307 /* InfoPlist.strings */; };
		A44E236214F7746600A73307 /* main.m in Sources */ = {isa = PBXBuildFile; fileRef = A44E236114F7746600A73307 /* main.m */; };
		A44E236614F7746600A73307 /* PicShareClient_iOSAppDelegate.m in Sources */ = {isa = PBXBuildFile; fileRef = A44E236514F7746600A73307 /* PicShareClient_iOSAppDelegate.m */; };
		A44E236914F7746600A73307 /* MainWindow.xib in Resources */ = {isa = PBXBuildFile; fileRef = A44E236714F7746600A73307 /* MainWindow.xib */; };
		A457024A15119D2B005BC6FF /* PicDetailView.m in Sources */ = {isa = PBXBuildFile; fileRef = A457024915119D2B005BC6FF /* PicDetailView.m */; };
		A457024D1511ADDC005BC6FF /* UIImageView+Resize.m in Sources */ = {isa = PBXBuildFile; fileRef = A457024C1511ADDC005BC6FF /* UIImageView+Resize.m */; };
		A45702B51514809F005BC6FF /* UserDetailViewController.m in Sources */ = {isa = PBXBuildFile; fileRef = A45702B31514809F005BC6FF /* UserDetailViewController.m */; };
		A45702B61514809F005BC6FF /* UserDetailViewController.xib in Resources */ = {isa = PBXBuildFile; fileRef = A45702B41514809F005BC6FF /* UserDetailViewController.xib */; };
		A464D83D155A4F3A002D5CC7 /* FirstRunViewController.m in Sources */ = {isa = PBXBuildFile; fileRef = A464D83B155A4F3A002D5CC7 /* FirstRunViewController.m */; };
		A464D83E155A4F3A002D5CC7 /* FirstRunViewController.xib in Resources */ = {isa = PBXBuildFile; fileRef = A464D83C155A4F3A002D5CC7 /* FirstRunViewController.xib */; };
		A468C110152C3CB400D1CE6B /* ErrorMessage.m in Sources */ = {isa = PBXBuildFile; fileRef = A468C10F152C3CB400D1CE6B /* ErrorMessage.m */; };
		A46D14D6154417C2007859E0 /* CommentCell.xib in Resources */ = {isa = PBXBuildFile; fileRef = A46D14D5154417C2007859E0 /* CommentCell.xib */; };
		A46DA5F91505C00600EA9D8B /* UIImageView+AsyncImageContainer.m in Sources */ = {isa = PBXBuildFile; fileRef = A46DA5F81505C00600EA9D8B /* UIImageView+AsyncImageContainer.m */; };
		A47A276E152DE2C0000ACBEE /* BoardInfoEditorViewController.m in Sources */ = {isa = PBXBuildFile; fileRef = A47A276C152DE2C0000ACBEE /* BoardInfoEditorViewController.m */; };
		A47A276F152DE2C0000ACBEE /* BoardInfoEditorViewController.xib in Resources */ = {isa = PBXBuildFile; fileRef = A47A276D152DE2C0000ACBEE /* BoardInfoEditorViewController.xib */; };
		A47D9C8A1520959B00ADACF6 /* PSThumbnailImageView.m in Sources */ = {isa = PBXBuildFile; fileRef = A47D9C891520959B00ADACF6 /* PSThumbnailImageView.m */; };
		A47D9C8E1520968500ADACF6 /* Common.m in Sources */ = {isa = PBXBuildFile; fileRef = A47D9C8D1520968500ADACF6 /* Common.m */; };
		A47D9C9B152308A900ADACF6 /* TimelineViewController.m in Sources */ = {isa = PBXBuildFile; fileRef = A47D9C9A152308A900ADACF6 /* TimelineViewController.m */; };
		A47D9C9E1523099300ADACF6 /* TimelineCell.m in Sources */ = {isa = PBXBuildFile; fileRef = A47D9C9D1523099200ADACF6 /* TimelineCell.m */; };
		A47FA462150E481A0083CF97 /* PicDetailViewController.m in Sources */ = {isa = PBXBuildFile; fileRef = A47FA460150E481A0083CF97 /* PicDetailViewController.m */; };
		A47FA467150E48690083CF97 /* _PSThumbnailImageView.m in Sources */ = {isa = PBXBuildFile; fileRef = A47FA466150E48690083CF97 /* _PSThumbnailImageView.m */; };
		A48FD2B015270073003F0BDD /* PicturePlaceHolder.png in Resources */ = {isa = PBXBuildFile; fileRef = A48FD2AF15270073003F0BDD /* PicturePlaceHolder.png */; };
		A48FD2B31527028B003F0BDD /* PicturePlaceHolder-error.png in Resources */ = {isa = PBXBuildFile; fileRef = A48FD2B21527028B003F0BDD /* PicturePlaceHolder-error.png */; };
		A48FD2B91527102D003F0BDD /* icon@2x.png in Resources */ = {isa = PBXBuildFile; fileRef = A48FD2B81527102D003F0BDD /* icon@2x.png */; };
		A48FD2C115271131003F0BDD /* icon.png in Resources */ = {isa = PBXBuildFile; fileRef = A48FD2C015271131003F0BDD /* icon.png */; };
		A48FD2C515271200003F0BDD /* BoardDetailViewController.m in Sources */ = {isa = PBXBuildFile; fileRef = A48FD2C3152711FF003F0BDD /* BoardDetailViewController.m */; };
		A48FD2C615271200003F0BDD /* BoardDetailViewController.xib in Resources */ = {isa = PBXBuildFile; fileRef = A48FD2C415271200003F0BDD /* BoardDetailViewController.xib */; };
		A496A1931543E61D004169D1 /* CommentsListViewController.m in Sources */ = {isa = PBXBuildFile; fileRef = A496A1911543E61D004169D1 /* CommentsListViewController.m */; };
		A496A1941543E61D004169D1 /* CommentsListViewController.xib in Resources */ = {isa = PBXBuildFile; fileRef = A496A1921543E61D004169D1 /* CommentsListViewController.xib */; };
		A4AE1791156A762B00C93BEC /* first-run-bg2.png in Resources */ = {isa = PBXBuildFile; fileRef = A4AE178B156A762B00C93BEC /* first-run-bg2.png */; };
		A4AE1792156A762B00C93BEC /* first-run-bg2@2x.png in Resources */ = {isa = PBXBuildFile; fileRef = A4AE178C156A762B00C93BEC /* first-run-bg2@2x.png */; };
		A4AE1793156A762B00C93BEC /* first-run-bg3.png in Resources */ = {isa = PBXBuildFile; fileRef = A4AE178D156A762B00C93BEC /* first-run-bg3.png */; };
		A4AE1794156A762B00C93BEC /* first-run-bg3@2x.png in Resources */ = {isa = PBXBuildFile; fileRef = A4AE178E156A762B00C93BEC /* first-run-bg3@2x.png */; };
		A4AE1795156A762B00C93BEC /* first-run-bg4.png in Resources */ = {isa = PBXBuildFile; fileRef = A4AE178F156A762B00C93BEC /* first-run-bg4.png */; };
		A4AE1796156A762B00C93BEC /* first-run-bg4@2x.png in Resources */ = {isa = PBXBuildFile; fileRef = A4AE1790156A762B00C93BEC /* first-run-bg4@2x.png */; };
		A4BAB7E414FDE7B800E51402 /* capture-button.png in Resources */ = {isa = PBXBuildFile; fileRef = A4BAB7E214FDE7B800E51402 /* capture-button.png */; };
		A4BAB7E514FDE7B800E51402 /* capture-button@2x.png in Resources */ = {isa = PBXBuildFile; fileRef = A4BAB7E314FDE7B800E51402 /* capture-button@2x.png */; };
		A4BAB7E814FDE7E500E51402 /* CustomTabBarController.m in Sources */ = {isa = PBXBuildFile; fileRef = A4BAB7E714FDE7E500E51402 /* CustomTabBarController.m */; };
		A4BAB80314FDF1F400E51402 /* QuartzCore.framework in Frameworks */ = {isa = PBXBuildFile; fileRef = A4BAB80214FDF1F400E51402 /* QuartzCore.framework */; };
		A4FDB342151F01660048C199 /* BoardPickerViewController.m in Sources */ = {isa = PBXBuildFile; fileRef = A4FDB340151F01660048C199 /* BoardPickerViewController.m */; };
		A4FDB347151F05E30048C199 /* SingleTextInputViewController.m in Sources */ = {isa = PBXBuildFile; fileRef = A4FDB345151F05E30048C199 /* SingleTextInputViewController.m */; };
		A4FDB348151F05E30048C199 /* SingleTextInputViewController.xib in Resources */ = {isa = PBXBuildFile; fileRef = A4FDB346151F05E30048C199 /* SingleTextInputViewController.xib */; };
		E65EC76115452ABE00158EA6 /* MessagesListViewController.m in Sources */ = {isa = PBXBuildFile; fileRef = E65EC75F15452ABE00158EA6 /* MessagesListViewController.m */; };
		E65EC76215452ABE00158EA6 /* MessagesListViewController.xib in Resources */ = {isa = PBXBuildFile; fileRef = E65EC76015452ABE00158EA6 /* MessagesListViewController.xib */; };
		E65EC76615452B5200158EA6 /* PSMessage.m in Sources */ = {isa = PBXBuildFile; fileRef = E65EC76515452B5200158EA6 /* PSMessage.m */; };
		E6DCC02A153D0BB10025F70A /* anonymous.png in Resources */ = {isa = PBXBuildFile; fileRef = E6DCC029153D0BB10025F70A /* anonymous.png */; };
		E6DCC02E153D130F0025F70A /* UserInfoEditorViewController.m in Sources */ = {isa = PBXBuildFile; fileRef = E6DCC02C153D130E0025F70A /* UserInfoEditorViewController.m */; };
		E6DCC02F153D130F0025F70A /* UserInfoEditorViewController.xib in Resources */ = {isa = PBXBuildFile; fileRef = E6DCC02D153D130E0025F70A /* UserInfoEditorViewController.xib */; };
		E6E6180215401586005AC1B0 /* CommentLabel.m in Sources */ = {isa = PBXBuildFile; fileRef = E6E6180115401586005AC1B0 /* CommentLabel.m */; };
		EC3836C015770DA40039DE6C /* MapKit.framework in Frameworks */ = {isa = PBXBuildFile; fileRef = EC3836BF15770DA40039DE6C /* MapKit.framework */; };
		EC3836C215770DAB0039DE6C /* ImageIO.framework in Frameworks */ = {isa = PBXBuildFile; fileRef = EC3836C115770DAB0039DE6C /* ImageIO.framework */; };
		EC383979157D9B150039DE6C /* ASIAuthenticationDialog.m in Sources */ = {isa = PBXBuildFile; fileRef = EC383928157D9B150039DE6C /* ASIAuthenticationDialog.m */; };
		EC38397A157D9B150039DE6C /* ASIDataCompressor.m in Sources */ = {isa = PBXBuildFile; fileRef = EC38392B157D9B150039DE6C /* ASIDataCompressor.m */; };
		EC38397B157D9B150039DE6C /* ASIDataDecompressor.m in Sources */ = {isa = PBXBuildFile; fileRef = EC38392D157D9B150039DE6C /* ASIDataDecompressor.m */; };
		EC38397C157D9B150039DE6C /* ASIDownloadCache.m in Sources */ = {isa = PBXBuildFile; fileRef = EC38392F157D9B150039DE6C /* ASIDownloadCache.m */; };
		EC38397D157D9B150039DE6C /* ASIFormDataRequest.m in Sources */ = {isa = PBXBuildFile; fileRef = EC383931157D9B150039DE6C /* ASIFormDataRequest.m */; };
		EC38397E157D9B150039DE6C /* ASIHTTPRequest.m in Sources */ = {isa = PBXBuildFile; fileRef = EC383933157D9B150039DE6C /* ASIHTTPRequest.m */; };
		EC38397F157D9B150039DE6C /* ASIInputStream.m in Sources */ = {isa = PBXBuildFile; fileRef = EC383937157D9B150039DE6C /* ASIInputStream.m */; };
		EC383980157D9B150039DE6C /* ASINetworkQueue.m in Sources */ = {isa = PBXBuildFile; fileRef = EC383939157D9B150039DE6C /* ASINetworkQueue.m */; };
		EC3839A4157D9B310039DE6C /* README-GHUnit in Resources */ = {isa = PBXBuildFile; fileRef = EC3839A0157D9B310039DE6C /* README-GHUnit */; };
		EC3839A5157D9B310039DE6C /* Reachability.m in Sources */ = {isa = PBXBuildFile; fileRef = EC3839A3157D9B310039DE6C /* Reachability.m */; };
		EC3839B8157D9B4F0039DE6C /* CHANGELOG.md in Resources */ = {isa = PBXBuildFile; fileRef = EC3839B4157D9B4F0039DE6C /* CHANGELOG.md */; };
		EC3839B9157D9B4F0039DE6C /* JSONKit.m in Sources */ = {isa = PBXBuildFile; fileRef = EC3839B6157D9B4F0039DE6C /* JSONKit.m */; };
		EC3839BA157D9B4F0039DE6C /* README.md in Resources */ = {isa = PBXBuildFile; fileRef = EC3839B7157D9B4F0039DE6C /* README.md */; };
		EC3839CE157D9B6B0039DE6C /* button_cancel.png in Resources */ = {isa = PBXBuildFile; fileRef = EC3839C5157D9B6B0039DE6C /* button_cancel.png */; };
		EC3839CF157D9B6B0039DE6C /* PSCaptureCore.xib in Resources */ = {isa = PBXBuildFile; fileRef = EC3839C6157D9B6B0039DE6C /* PSCaptureCore.xib */; };
		EC3839D0157D9B6B0039DE6C /* PSAppDelegate.m in Sources */ = {isa = PBXBuildFile; fileRef = EC3839C9157D9B6B0039DE6C /* PSAppDelegate.m */; };
		EC3839D1157D9B6B0039DE6C /* PSCaptureCore.m in Sources */ = {isa = PBXBuildFile; fileRef = EC3839CB157D9B6B0039DE6C /* PSCaptureCore.m */; };
		EC3839D2157D9B6B0039DE6C /* PSFilteredImagePicker.m in Sources */ = {isa = PBXBuildFile; fileRef = EC3839CD157D9B6B0039DE6C /* PSFilteredImagePicker.m */; };
		EC3839D6157D9B7A0039DE6C /* PullRefreshTableViewController.m in Sources */ = {isa = PBXBuildFile; fileRef = EC3839D5157D9B7A0039DE6C /* PullRefreshTableViewController.m */; };
		EC3839EF157D9BC40039DE6C /* libGPUImage.a in Frameworks */ = {isa = PBXBuildFile; fileRef = EC3839B0157D9B410039DE6C /* libGPUImage.a */; };
		EC3839F0157D9BC40039DE6C /* libMBProgressHUD.a in Frameworks */ = {isa = PBXBuildFile; fileRef = EC3839C3157D9B5E0039DE6C /* libMBProgressHUD.a */; };
		EC3839F1157D9BC40039DE6C /* libSDWebImage.a in Frameworks */ = {isa = PBXBuildFile; fileRef = EC3839E6157D9B9E0039DE6C /* libSDWebImage.a */; };
		ECE8100F156A1455005127B8 /* CoreMedia.framework in Frameworks */ = {isa = PBXBuildFile; fileRef = ECE8100E156A1455005127B8 /* CoreMedia.framework */; };
		ECE81011156A145C005127B8 /* CoreVideo.framework in Frameworks */ = {isa = PBXBuildFile; fileRef = ECE81010156A145C005127B8 /* CoreVideo.framework */; };
		ECE81013156A1461005127B8 /* OpenGLES.framework in Frameworks */ = {isa = PBXBuildFile; fileRef = ECE81012156A1461005127B8 /* OpenGLES.framework */; };
		ECE81015156A1466005127B8 /* AVFoundation.framework in Frameworks */ = {isa = PBXBuildFile; fileRef = ECE81014156A1466005127B8 /* AVFoundation.framework */; };
/* End PBXBuildFile section */

/* Begin PBXContainerItemProxy section */
		EC3839AF157D9B410039DE6C /* PBXContainerItemProxy */ = {
			isa = PBXContainerItemProxy;
			containerPortal = EC3839A6157D9B410039DE6C /* GPUImage.xcodeproj */;
			proxyType = 2;
			remoteGlobalIDString = BCF1A33414DDB1EC00852800;
			remoteInfo = GPUImage;
		};
		EC3839B1157D9B410039DE6C /* PBXContainerItemProxy */ = {
			isa = PBXContainerItemProxy;
			containerPortal = EC3839A6157D9B410039DE6C /* GPUImage.xcodeproj */;
			proxyType = 2;
			remoteGlobalIDString = BCF1A34414DDB1EC00852800;
			remoteInfo = GPUImageTests;
		};
		EC3839C2157D9B5E0039DE6C /* PBXContainerItemProxy */ = {
			isa = PBXContainerItemProxy;
			containerPortal = EC3839BB157D9B5E0039DE6C /* MBProgressHUD.xcodeproj */;
			proxyType = 2;
			remoteGlobalIDString = D286A7491518C70F00E13FB8;
			remoteInfo = MBProgressHUD;
		};
		EC3839E5157D9B9E0039DE6C /* PBXContainerItemProxy */ = {
			isa = PBXContainerItemProxy;
			containerPortal = EC3839DD157D9B9E0039DE6C /* SDWebImage.xcodeproj */;
			proxyType = 2;
			remoteGlobalIDString = 53922D6F148C55820056699D;
			remoteInfo = SDWebImage;
		};
		EC3839E7157D9B9E0039DE6C /* PBXContainerItemProxy */ = {
			isa = PBXContainerItemProxy;
			containerPortal = EC3839DD157D9B9E0039DE6C /* SDWebImage.xcodeproj */;
			proxyType = 2;
			remoteGlobalIDString = 53761325155AD0D5005750A4;
			remoteInfo = "SDWebImage ARC";
		};
		EC3839E9157D9BB70039DE6C /* PBXContainerItemProxy */ = {
			isa = PBXContainerItemProxy;
			containerPortal = EC3839BB157D9B5E0039DE6C /* MBProgressHUD.xcodeproj */;
			proxyType = 1;
			remoteGlobalIDString = D286A7481518C70F00E13FB8;
			remoteInfo = MBProgressHUD;
		};
		EC3839EB157D9BB70039DE6C /* PBXContainerItemProxy */ = {
			isa = PBXContainerItemProxy;
			containerPortal = EC3839DD157D9B9E0039DE6C /* SDWebImage.xcodeproj */;
			proxyType = 1;
			remoteGlobalIDString = 53922D6E148C55810056699D;
			remoteInfo = SDWebImage;
		};
		EC3839ED157D9BB70039DE6C /* PBXContainerItemProxy */ = {
			isa = PBXContainerItemProxy;
			containerPortal = EC3839A6157D9B410039DE6C /* GPUImage.xcodeproj */;
			proxyType = 1;
			remoteGlobalIDString = BCF1A33314DDB1EC00852800;
			remoteInfo = GPUImage;
		};
/* End PBXContainerItemProxy section */

/* Begin PBXFileReference section */
		A40B56ED15032CBF0045C9B1 /* User.h */ = {isa = PBXFileReference; fileEncoding = 4; lastKnownFileType = sourcecode.c.h; path = User.h; sourceTree = "<group>"; };
		A40B56EE15032CBF0045C9B1 /* User.m */ = {isa = PBXFileReference; fileEncoding = 4; lastKnownFileType = sourcecode.c.objc; path = User.m; sourceTree = "<group>"; };
		A40B56F015032CDE0045C9B1 /* PictureStatus.h */ = {isa = PBXFileReference; fileEncoding = 4; lastKnownFileType = sourcecode.c.h; path = PictureStatus.h; sourceTree = "<group>"; };
		A40B56F115032CDE0045C9B1 /* PictureStatus.m */ = {isa = PBXFileReference; fileEncoding = 4; lastKnownFileType = sourcecode.c.objc; path = PictureStatus.m; sourceTree = "<group>"; };
		A40B56F315032CFF0045C9B1 /* Board.h */ = {isa = PBXFileReference; fileEncoding = 4; lastKnownFileType = sourcecode.c.h; path = Board.h; sourceTree = "<group>"; };
		A40B56F415032CFF0045C9B1 /* Board.m */ = {isa = PBXFileReference; fileEncoding = 4; lastKnownFileType = sourcecode.c.objc; path = Board.m; sourceTree = "<group>"; };
		A40B56F61503394C0045C9B1 /* Category.h */ = {isa = PBXFileReference; fileEncoding = 4; lastKnownFileType = sourcecode.c.h; path = Category.h; sourceTree = "<group>"; };
		A40B56F71503394C0045C9B1 /* Category.m */ = {isa = PBXFileReference; fileEncoding = 4; lastKnownFileType = sourcecode.c.objc; path = Category.m; sourceTree = "<group>"; };
		A40B56F9150339790045C9B1 /* Comment.h */ = {isa = PBXFileReference; fileEncoding = 4; lastKnownFileType = sourcecode.c.h; path = Comment.h; sourceTree = "<group>"; };
		A40B56FA150339790045C9B1 /* Comment.m */ = {isa = PBXFileReference; fileEncoding = 4; lastKnownFileType = sourcecode.c.objc; path = Comment.m; sourceTree = "<group>"; };
		A40B56FD15034A510045C9B1 /* PicShareEngine.h */ = {isa = PBXFileReference; fileEncoding = 4; lastKnownFileType = sourcecode.c.h; path = PicShareEngine.h; sourceTree = "<group>"; };
		A40B56FE15034A510045C9B1 /* PicShareEngine.m */ = {isa = PBXFileReference; fileEncoding = 4; lastKnownFileType = sourcecode.c.objc; path = PicShareEngine.m; sourceTree = "<group>"; };
		A40B5713150474200045C9B1 /* CategoriesViewController.h */ = {isa = PBXFileReference; fileEncoding = 4; lastKnownFileType = sourcecode.c.h; path = CategoriesViewController.h; sourceTree = "<group>"; };
		A40B5714150474200045C9B1 /* CategoriesViewController.m */ = {isa = PBXFileReference; fileEncoding = 4; lastKnownFileType = sourcecode.c.objc; path = CategoriesViewController.m; sourceTree = "<group>"; };
		A40B5715150474200045C9B1 /* CategoriesViewController.xib */ = {isa = PBXFileReference; fileEncoding = 4; lastKnownFileType = file.xib; path = CategoriesViewController.xib; sourceTree = "<group>"; };
		A40B57381504770F0045C9B1 /* CFNetwork.framework */ = {isa = PBXFileReference; lastKnownFileType = wrapper.framework; name = CFNetwork.framework; path = System/Library/Frameworks/CFNetwork.framework; sourceTree = SDKROOT; };
		A40B573A1504771F0045C9B1 /* SystemConfiguration.framework */ = {isa = PBXFileReference; lastKnownFileType = wrapper.framework; name = SystemConfiguration.framework; path = System/Library/Frameworks/SystemConfiguration.framework; sourceTree = SDKROOT; };
		A40B573C150477240045C9B1 /* MobileCoreServices.framework */ = {isa = PBXFileReference; lastKnownFileType = wrapper.framework; name = MobileCoreServices.framework; path = System/Library/Frameworks/MobileCoreServices.framework; sourceTree = SDKROOT; };
		A40B573E150477600045C9B1 /* libz.dylib */ = {isa = PBXFileReference; lastKnownFileType = "compiled.mach-o.dylib"; name = libz.dylib; path = usr/lib/libz.dylib; sourceTree = SDKROOT; };
		A40B57501504B2640045C9B1 /* BoardsListCell.h */ = {isa = PBXFileReference; fileEncoding = 4; lastKnownFileType = sourcecode.c.h; path = BoardsListCell.h; sourceTree = "<group>"; };
		A40B57511504B2640045C9B1 /* BoardsListCell.m */ = {isa = PBXFileReference; fileEncoding = 4; lastKnownFileType = sourcecode.c.objc; path = BoardsListCell.m; sourceTree = "<group>"; };
		A40B57531504B2B00045C9B1 /* BoardsListViewController.h */ = {isa = PBXFileReference; fileEncoding = 4; lastKnownFileType = sourcecode.c.h; path = BoardsListViewController.h; sourceTree = "<group>"; };
		A40B57541504B2B00045C9B1 /* BoardsListViewController.m */ = {isa = PBXFileReference; fileEncoding = 4; lastKnownFileType = sourcecode.c.objc; path = BoardsListViewController.m; sourceTree = "<group>"; };
		A40B57561504C3280045C9B1 /* Design.xib */ = {isa = PBXFileReference; fileEncoding = 4; lastKnownFileType = file.xib; path = Design.xib; sourceTree = "<group>"; };
		A40B576C1505211C0045C9B1 /* AsyncImageDownloader.h */ = {isa = PBXFileReference; fileEncoding = 4; lastKnownFileType = sourcecode.c.h; path = AsyncImageDownloader.h; sourceTree = "<group>"; };
		A40B576D1505211C0045C9B1 /* AsyncImageDownloader.m */ = {isa = PBXFileReference; fileEncoding = 4; lastKnownFileType = sourcecode.c.objc; path = AsyncImageDownloader.m; sourceTree = "<group>"; };
		A4103E5C155A573000E06D06 /* rounded_table_cell_bottom.png */ = {isa = PBXFileReference; lastKnownFileType = image.png; path = rounded_table_cell_bottom.png; sourceTree = "<group>"; };
		A4103E5D155A573000E06D06 /* rounded_table_cell_bottom@2x.png */ = {isa = PBXFileReference; lastKnownFileType = image.png; path = "rounded_table_cell_bottom@2x.png"; sourceTree = "<group>"; };
		A4103E5E155A573000E06D06 /* rounded_table_cell_button.png */ = {isa = PBXFileReference; lastKnownFileType = image.png; path = rounded_table_cell_button.png; sourceTree = "<group>"; };
		A4103E5F155A573000E06D06 /* rounded_table_cell_header.png */ = {isa = PBXFileReference; lastKnownFileType = image.png; path = rounded_table_cell_header.png; sourceTree = "<group>"; };
		A4103E60155A573000E06D06 /* rounded_table_cell_top.png */ = {isa = PBXFileReference; lastKnownFileType = image.png; path = rounded_table_cell_top.png; sourceTree = "<group>"; };
		A4103E61155A573000E06D06 /* rounded_table_cell_top@2x.png */ = {isa = PBXFileReference; lastKnownFileType = image.png; path = "rounded_table_cell_top@2x.png"; sourceTree = "<group>"; };
		A4103E62155A573000E06D06 /* rounded_table_cell.png */ = {isa = PBXFileReference; lastKnownFileType = image.png; path = rounded_table_cell.png; sourceTree = "<group>"; };
		A4103E6B155A5C3700E06D06 /* PSKeySets.h */ = {isa = PBXFileReference; fileEncoding = 4; lastKnownFileType = sourcecode.c.h; path = PSKeySets.h; sourceTree = "<group>"; };
		A4103E74155B7AF900E06D06 /* TabbarViewController.xib */ = {isa = PBXFileReference; fileEncoding = 4; lastKnownFileType = file.xib; path = TabbarViewController.xib; sourceTree = "<group>"; };
		A41DC946156683CC001AB71C /* first_run_bg@2x.png */ = {isa = PBXFileReference; lastKnownFileType = image.png; path = "first_run_bg@2x.png"; sourceTree = "<group>"; };
		A41DC947156683CC001AB71C /* sign_in.png */ = {isa = PBXFileReference; lastKnownFileType = image.png; path = sign_in.png; sourceTree = "<group>"; };
		A41DC948156683CC001AB71C /* sign_in@2x.png */ = {isa = PBXFileReference; lastKnownFileType = image.png; path = "sign_in@2x.png"; sourceTree = "<group>"; };
		A41DC949156683CC001AB71C /* sign_up.png */ = {isa = PBXFileReference; lastKnownFileType = image.png; path = sign_up.png; sourceTree = "<group>"; };
		A41DC94A156683CC001AB71C /* sign_up@2x.png */ = {isa = PBXFileReference; lastKnownFileType = image.png; path = "sign_up@2x.png"; sourceTree = "<group>"; };
		A41DC95215668431001AB71C /* first_run_bg.png */ = {isa = PBXFileReference; lastKnownFileType = image.png; path = first_run_bg.png; sourceTree = "<group>"; };
		A4203CE1151D8477008B29A9 /* PictureInfoEditViewController.h */ = {isa = PBXFileReference; fileEncoding = 4; lastKnownFileType = sourcecode.c.h; path = PictureInfoEditViewController.h; sourceTree = "<group>"; };
		A4203CE2151D8477008B29A9 /* PictureInfoEditViewController.m */ = {isa = PBXFileReference; fileEncoding = 4; lastKnownFileType = sourcecode.c.objc; path = PictureInfoEditViewController.m; sourceTree = "<group>"; };
		A4203CE3151D8477008B29A9 /* PictureInfoEditViewController.xib */ = {isa = PBXFileReference; fileEncoding = 4; lastKnownFileType = file.xib; path = PictureInfoEditViewController.xib; sourceTree = "<group>"; };
		A4462BC11516EF75003E5F9F /* followButton.png */ = {isa = PBXFileReference; lastKnownFileType = image.png; path = followButton.png; sourceTree = "<group>"; };
		A4462BC21516EF75003E5F9F /* followButton@2x.png */ = {isa = PBXFileReference; lastKnownFileType = image.png; path = "followButton@2x.png"; sourceTree = "<group>"; };
		A4462BCE1516F726003E5F9F /* followButton-press.png */ = {isa = PBXFileReference; lastKnownFileType = image.png; path = "followButton-press.png"; sourceTree = "<group>"; };
		A4462BCF1516F726003E5F9F /* followButton-press@2x.png */ = {isa = PBXFileReference; lastKnownFileType = image.png; path = "followButton-press@2x.png"; sourceTree = "<group>"; };
		A4462BD21516FAB4003E5F9F /* unfoButton-press.png */ = {isa = PBXFileReference; lastKnownFileType = image.png; path = "unfoButton-press.png"; sourceTree = "<group>"; };
		A4462BD31516FAB4003E5F9F /* unfoButton-press@2x.png */ = {isa = PBXFileReference; lastKnownFileType = image.png; path = "unfoButton-press@2x.png"; sourceTree = "<group>"; };
		A4462BD41516FAB4003E5F9F /* unfoButton.png */ = {isa = PBXFileReference; lastKnownFileType = image.png; path = unfoButton.png; sourceTree = "<group>"; };
		A4462BD51516FAB4003E5F9F /* unfoButton@2x.png */ = {isa = PBXFileReference; lastKnownFileType = image.png; path = "unfoButton@2x.png"; sourceTree = "<group>"; };
		A4462BEC1517145E003E5F9F /* house.png */ = {isa = PBXFileReference; lastKnownFileType = image.png; path = house.png; sourceTree = "<group>"; };
		A4462BED1517145E003E5F9F /* glass.png */ = {isa = PBXFileReference; lastKnownFileType = image.png; path = glass.png; sourceTree = "<group>"; };
		A4462BEE1517145F003E5F9F /* mail.png */ = {isa = PBXFileReference; lastKnownFileType = image.png; path = mail.png; sourceTree = "<group>"; };
		A4462BEF1517145F003E5F9F /* man.png */ = {isa = PBXFileReference; lastKnownFileType = image.png; path = man.png; sourceTree = "<group>"; };
		A4462BF4151714B0003E5F9F /* house@2x.png */ = {isa = PBXFileReference; lastKnownFileType = image.png; path = "house@2x.png"; sourceTree = "<group>"; };
		A4462BF5151714B1003E5F9F /* glass@2x.png */ = {isa = PBXFileReference; lastKnownFileType = image.png; path = "glass@2x.png"; sourceTree = "<group>"; };
		A4462BF6151714B1003E5F9F /* mail@2x.png */ = {isa = PBXFileReference; lastKnownFileType = image.png; path = "mail@2x.png"; sourceTree = "<group>"; };
		A4462BF7151714B1003E5F9F /* man@2x.png */ = {isa = PBXFileReference; lastKnownFileType = image.png; path = "man@2x.png"; sourceTree = "<group>"; };
		A44DE7391515960F0048681E /* button-hover.png */ = {isa = PBXFileReference; lastKnownFileType = image.png; path = "button-hover.png"; sourceTree = "<group>"; };
		A44DE73A1515960F0048681E /* button-hover@2x.png */ = {isa = PBXFileReference; lastKnownFileType = image.png; path = "button-hover@2x.png"; sourceTree = "<group>"; };
		A44DE73B1515960F0048681E /* button.png */ = {isa = PBXFileReference; lastKnownFileType = image.png; path = button.png; sourceTree = "<group>"; };
		A44DE73C1515960F0048681E /* button@2x.png */ = {isa = PBXFileReference; lastKnownFileType = image.png; path = "button@2x.png"; sourceTree = "<group>"; };
		A44DE77E1515F1AE0048681E /* UsersListViewController.h */ = {isa = PBXFileReference; fileEncoding = 4; lastKnownFileType = sourcecode.c.h; path = UsersListViewController.h; sourceTree = "<group>"; };
		A44DE77F1515F1AE0048681E /* UsersListViewController.m */ = {isa = PBXFileReference; fileEncoding = 4; lastKnownFileType = sourcecode.c.objc; path = UsersListViewController.m; sourceTree = "<group>"; };
		A44DE7801515F1AE0048681E /* UsersListViewController.xib */ = {isa = PBXFileReference; fileEncoding = 4; lastKnownFileType = file.xib; path = UsersListViewController.xib; sourceTree = "<group>"; };
		A44DEBDD1519CE5800EAC9C7 /* rc-1.png */ = {isa = PBXFileReference; lastKnownFileType = image.png; path = "rc-1.png"; sourceTree = "<group>"; };
		A44DEBDE1519CE5800EAC9C7 /* rc-2.png */ = {isa = PBXFileReference; lastKnownFileType = image.png; path = "rc-2.png"; sourceTree = "<group>"; };
		A44DEBDF1519CE5800EAC9C7 /* rc-3.png */ = {isa = PBXFileReference; lastKnownFileType = image.png; path = "rc-3.png"; sourceTree = "<group>"; };
		A44DEBE01519CE5800EAC9C7 /* rc-4.png */ = {isa = PBXFileReference; lastKnownFileType = image.png; path = "rc-4.png"; sourceTree = "<group>"; };
		A44E235114F7746600A73307 /* PicShareClient_iOS.app */ = {isa = PBXFileReference; explicitFileType = wrapper.application; includeInIndex = 0; path = PicShareClient_iOS.app; sourceTree = BUILT_PRODUCTS_DIR; };
		A44E235514F7746600A73307 /* UIKit.framework */ = {isa = PBXFileReference; lastKnownFileType = wrapper.framework; name = UIKit.framework; path = System/Library/Frameworks/UIKit.framework; sourceTree = SDKROOT; };
		A44E235714F7746600A73307 /* Foundation.framework */ = {isa = PBXFileReference; lastKnownFileType = wrapper.framework; name = Foundation.framework; path = System/Library/Frameworks/Foundation.framework; sourceTree = SDKROOT; };
		A44E235914F7746600A73307 /* CoreGraphics.framework */ = {isa = PBXFileReference; lastKnownFileType = wrapper.framework; name = CoreGraphics.framework; path = System/Library/Frameworks/CoreGraphics.framework; sourceTree = SDKROOT; };
		A44E235D14F7746600A73307 /* PicShareClient_iOS-Info.plist */ = {isa = PBXFileReference; lastKnownFileType = text.plist.xml; path = "PicShareClient_iOS-Info.plist"; sourceTree = "<group>"; };
		A44E235F14F7746600A73307 /* en */ = {isa = PBXFileReference; lastKnownFileType = text.plist.strings; name = en; path = en.lproj/InfoPlist.strings; sourceTree = "<group>"; };
		A44E236114F7746600A73307 /* main.m */ = {isa = PBXFileReference; lastKnownFileType = sourcecode.c.objc; path = main.m; sourceTree = "<group>"; };
		A44E236314F7746600A73307 /* PicShareClient_iOS-Prefix.pch */ = {isa = PBXFileReference; lastKnownFileType = sourcecode.c.h; path = "PicShareClient_iOS-Prefix.pch"; sourceTree = "<group>"; };
		A44E236414F7746600A73307 /* PicShareClient_iOSAppDelegate.h */ = {isa = PBXFileReference; lastKnownFileType = sourcecode.c.h; path = PicShareClient_iOSAppDelegate.h; sourceTree = "<group>"; };
		A44E236514F7746600A73307 /* PicShareClient_iOSAppDelegate.m */ = {isa = PBXFileReference; lastKnownFileType = sourcecode.c.objc; path = PicShareClient_iOSAppDelegate.m; sourceTree = "<group>"; };
		A44E236814F7746600A73307 /* en */ = {isa = PBXFileReference; lastKnownFileType = file.xib; name = en; path = en.lproj/MainWindow.xib; sourceTree = "<group>"; };
		A457024815119D2B005BC6FF /* PicDetailView.h */ = {isa = PBXFileReference; fileEncoding = 4; lastKnownFileType = sourcecode.c.h; path = PicDetailView.h; sourceTree = "<group>"; };
		A457024915119D2B005BC6FF /* PicDetailView.m */ = {isa = PBXFileReference; fileEncoding = 4; lastKnownFileType = sourcecode.c.objc; path = PicDetailView.m; sourceTree = "<group>"; };
		A457024B1511ADDC005BC6FF /* UIImageView+Resize.h */ = {isa = PBXFileReference; fileEncoding = 4; lastKnownFileType = sourcecode.c.h; path = "UIImageView+Resize.h"; sourceTree = "<group>"; };
		A457024C1511ADDC005BC6FF /* UIImageView+Resize.m */ = {isa = PBXFileReference; fileEncoding = 4; lastKnownFileType = sourcecode.c.objc; path = "UIImageView+Resize.m"; sourceTree = "<group>"; };
		A45702B21514809F005BC6FF /* UserDetailViewController.h */ = {isa = PBXFileReference; fileEncoding = 4; lastKnownFileType = sourcecode.c.h; path = UserDetailViewController.h; sourceTree = "<group>"; };
		A45702B31514809F005BC6FF /* UserDetailViewController.m */ = {isa = PBXFileReference; fileEncoding = 4; lastKnownFileType = sourcecode.c.objc; path = UserDetailViewController.m; sourceTree = "<group>"; };
		A45702B41514809F005BC6FF /* UserDetailViewController.xib */ = {isa = PBXFileReference; fileEncoding = 4; lastKnownFileType = file.xib; path = UserDetailViewController.xib; sourceTree = "<group>"; };
		A464D83A155A4F3A002D5CC7 /* FirstRunViewController.h */ = {isa = PBXFileReference; fileEncoding = 4; lastKnownFileType = sourcecode.c.h; path = FirstRunViewController.h; sourceTree = "<group>"; };
		A464D83B155A4F3A002D5CC7 /* FirstRunViewController.m */ = {isa = PBXFileReference; fileEncoding = 4; lastKnownFileType = sourcecode.c.objc; path = FirstRunViewController.m; sourceTree = "<group>"; };
		A464D83C155A4F3A002D5CC7 /* FirstRunViewController.xib */ = {isa = PBXFileReference; fileEncoding = 4; lastKnownFileType = file.xib; path = FirstRunViewController.xib; sourceTree = "<group>"; };
		A468C10E152C3CB400D1CE6B /* ErrorMessage.h */ = {isa = PBXFileReference; fileEncoding = 4; lastKnownFileType = sourcecode.c.h; path = ErrorMessage.h; sourceTree = "<group>"; };
		A468C10F152C3CB400D1CE6B /* ErrorMessage.m */ = {isa = PBXFileReference; fileEncoding = 4; lastKnownFileType = sourcecode.c.objc; path = ErrorMessage.m; sourceTree = "<group>"; };
		A46D14D5154417C2007859E0 /* CommentCell.xib */ = {isa = PBXFileReference; fileEncoding = 4; lastKnownFileType = file.xib; path = CommentCell.xib; sourceTree = "<group>"; };
		A46DA5F71505C00600EA9D8B /* UIImageView+AsyncImageContainer.h */ = {isa = PBXFileReference; fileEncoding = 4; lastKnownFileType = sourcecode.c.h; path = "UIImageView+AsyncImageContainer.h"; sourceTree = "<group>"; };
		A46DA5F81505C00600EA9D8B /* UIImageView+AsyncImageContainer.m */ = {isa = PBXFileReference; fileEncoding = 4; lastKnownFileType = sourcecode.c.objc; path = "UIImageView+AsyncImageContainer.m"; sourceTree = "<group>"; };
		A47A276B152DE2C0000ACBEE /* BoardInfoEditorViewController.h */ = {isa = PBXFileReference; fileEncoding = 4; lastKnownFileType = sourcecode.c.h; path = BoardInfoEditorViewController.h; sourceTree = "<group>"; };
		A47A276C152DE2C0000ACBEE /* BoardInfoEditorViewController.m */ = {isa = PBXFileReference; fileEncoding = 4; lastKnownFileType = sourcecode.c.objc; path = BoardInfoEditorViewController.m; sourceTree = "<group>"; };
		A47A276D152DE2C0000ACBEE /* BoardInfoEditorViewController.xib */ = {isa = PBXFileReference; fileEncoding = 4; lastKnownFileType = file.xib; path = BoardInfoEditorViewController.xib; sourceTree = "<group>"; };
		A47D9C881520959B00ADACF6 /* PSThumbnailImageView.h */ = {isa = PBXFileReference; fileEncoding = 4; lastKnownFileType = sourcecode.c.h; path = PSThumbnailImageView.h; sourceTree = "<group>"; };
		A47D9C891520959B00ADACF6 /* PSThumbnailImageView.m */ = {isa = PBXFileReference; fileEncoding = 4; lastKnownFileType = sourcecode.c.objc; path = PSThumbnailImageView.m; sourceTree = "<group>"; };
		A47D9C8C1520968500ADACF6 /* Common.h */ = {isa = PBXFileReference; fileEncoding = 4; lastKnownFileType = sourcecode.c.h; path = Common.h; sourceTree = "<group>"; };
		A47D9C8D1520968500ADACF6 /* Common.m */ = {isa = PBXFileReference; fileEncoding = 4; lastKnownFileType = sourcecode.c.objc; path = Common.m; sourceTree = "<group>"; };
		A47D9C99152308A700ADACF6 /* TimelineViewController.h */ = {isa = PBXFileReference; fileEncoding = 4; lastKnownFileType = sourcecode.c.h; path = TimelineViewController.h; sourceTree = "<group>"; };
		A47D9C9A152308A900ADACF6 /* TimelineViewController.m */ = {isa = PBXFileReference; fileEncoding = 4; lastKnownFileType = sourcecode.c.objc; path = TimelineViewController.m; sourceTree = "<group>"; };
		A47D9C9C1523099200ADACF6 /* TimelineCell.h */ = {isa = PBXFileReference; fileEncoding = 4; lastKnownFileType = sourcecode.c.h; path = TimelineCell.h; sourceTree = "<group>"; };
		A47D9C9D1523099200ADACF6 /* TimelineCell.m */ = {isa = PBXFileReference; fileEncoding = 4; lastKnownFileType = sourcecode.c.objc; path = TimelineCell.m; sourceTree = "<group>"; };
		A47FA45F150E481A0083CF97 /* PicDetailViewController.h */ = {isa = PBXFileReference; fileEncoding = 4; lastKnownFileType = sourcecode.c.h; path = PicDetailViewController.h; sourceTree = "<group>"; };
		A47FA460150E481A0083CF97 /* PicDetailViewController.m */ = {isa = PBXFileReference; fileEncoding = 4; lastKnownFileType = sourcecode.c.objc; path = PicDetailViewController.m; sourceTree = "<group>"; };
		A47FA465150E48690083CF97 /* _PSThumbnailImageView.h */ = {isa = PBXFileReference; fileEncoding = 4; lastKnownFileType = sourcecode.c.h; path = _PSThumbnailImageView.h; sourceTree = "<group>"; };
		A47FA466150E48690083CF97 /* _PSThumbnailImageView.m */ = {isa = PBXFileReference; fileEncoding = 4; lastKnownFileType = sourcecode.c.objc; path = _PSThumbnailImageView.m; sourceTree = "<group>"; };
		A48FD2AF15270073003F0BDD /* PicturePlaceHolder.png */ = {isa = PBXFileReference; lastKnownFileType = image.png; path = PicturePlaceHolder.png; sourceTree = "<group>"; };
		A48FD2B21527028B003F0BDD /* PicturePlaceHolder-error.png */ = {isa = PBXFileReference; lastKnownFileType = image.png; path = "PicturePlaceHolder-error.png"; sourceTree = "<group>"; };
		A48FD2B81527102D003F0BDD /* icon@2x.png */ = {isa = PBXFileReference; lastKnownFileType = image.png; path = "icon@2x.png"; sourceTree = "<group>"; };
		A48FD2C015271131003F0BDD /* icon.png */ = {isa = PBXFileReference; lastKnownFileType = image.png; path = icon.png; sourceTree = "<group>"; };
		A48FD2C2152711FF003F0BDD /* BoardDetailViewController.h */ = {isa = PBXFileReference; fileEncoding = 4; lastKnownFileType = sourcecode.c.h; path = BoardDetailViewController.h; sourceTree = "<group>"; };
		A48FD2C3152711FF003F0BDD /* BoardDetailViewController.m */ = {isa = PBXFileReference; fileEncoding = 4; lastKnownFileType = sourcecode.c.objc; path = BoardDetailViewController.m; sourceTree = "<group>"; };
		A48FD2C415271200003F0BDD /* BoardDetailViewController.xib */ = {isa = PBXFileReference; fileEncoding = 4; lastKnownFileType = file.xib; path = BoardDetailViewController.xib; sourceTree = "<group>"; };
		A496A1901543E61D004169D1 /* CommentsListViewController.h */ = {isa = PBXFileReference; fileEncoding = 4; lastKnownFileType = sourcecode.c.h; path = CommentsListViewController.h; sourceTree = "<group>"; };
		A496A1911543E61D004169D1 /* CommentsListViewController.m */ = {isa = PBXFileReference; fileEncoding = 4; lastKnownFileType = sourcecode.c.objc; path = CommentsListViewController.m; sourceTree = "<group>"; };
		A496A1921543E61D004169D1 /* CommentsListViewController.xib */ = {isa = PBXFileReference; fileEncoding = 4; lastKnownFileType = file.xib; path = CommentsListViewController.xib; sourceTree = "<group>"; };
		A4AE178B156A762B00C93BEC /* first-run-bg2.png */ = {isa = PBXFileReference; lastKnownFileType = image.png; path = "first-run-bg2.png"; sourceTree = "<group>"; };
		A4AE178C156A762B00C93BEC /* first-run-bg2@2x.png */ = {isa = PBXFileReference; lastKnownFileType = image.png; path = "first-run-bg2@2x.png"; sourceTree = "<group>"; };
		A4AE178D156A762B00C93BEC /* first-run-bg3.png */ = {isa = PBXFileReference; lastKnownFileType = image.png; path = "first-run-bg3.png"; sourceTree = "<group>"; };
		A4AE178E156A762B00C93BEC /* first-run-bg3@2x.png */ = {isa = PBXFileReference; lastKnownFileType = image.png; path = "first-run-bg3@2x.png"; sourceTree = "<group>"; };
		A4AE178F156A762B00C93BEC /* first-run-bg4.png */ = {isa = PBXFileReference; lastKnownFileType = image.png; path = "first-run-bg4.png"; sourceTree = "<group>"; };
		A4AE1790156A762B00C93BEC /* first-run-bg4@2x.png */ = {isa = PBXFileReference; lastKnownFileType = image.png; path = "first-run-bg4@2x.png"; sourceTree = "<group>"; };
		A4BAB7E214FDE7B800E51402 /* capture-button.png */ = {isa = PBXFileReference; lastKnownFileType = image.png; path = "capture-button.png"; sourceTree = "<group>"; };
		A4BAB7E314FDE7B800E51402 /* capture-button@2x.png */ = {isa = PBXFileReference; lastKnownFileType = image.png; path = "capture-button@2x.png"; sourceTree = "<group>"; };
		A4BAB7E614FDE7E500E51402 /* CustomTabBarController.h */ = {isa = PBXFileReference; fileEncoding = 4; lastKnownFileType = sourcecode.c.h; path = CustomTabBarController.h; sourceTree = "<group>"; };
		A4BAB7E714FDE7E500E51402 /* CustomTabBarController.m */ = {isa = PBXFileReference; fileEncoding = 4; lastKnownFileType = sourcecode.c.objc; path = CustomTabBarController.m; sourceTree = "<group>"; };
		A4BAB80214FDF1F400E51402 /* QuartzCore.framework */ = {isa = PBXFileReference; lastKnownFileType = wrapper.framework; name = QuartzCore.framework; path = System/Library/Frameworks/QuartzCore.framework; sourceTree = SDKROOT; };
		A4FDB33F151F01660048C199 /* BoardPickerViewController.h */ = {isa = PBXFileReference; fileEncoding = 4; lastKnownFileType = sourcecode.c.h; path = BoardPickerViewController.h; sourceTree = "<group>"; };
		A4FDB340151F01660048C199 /* BoardPickerViewController.m */ = {isa = PBXFileReference; fileEncoding = 4; lastKnownFileType = sourcecode.c.objc; path = BoardPickerViewController.m; sourceTree = "<group>"; };
		A4FDB344151F05E20048C199 /* SingleTextInputViewController.h */ = {isa = PBXFileReference; fileEncoding = 4; lastKnownFileType = sourcecode.c.h; path = SingleTextInputViewController.h; sourceTree = "<group>"; };
		A4FDB345151F05E30048C199 /* SingleTextInputViewController.m */ = {isa = PBXFileReference; fileEncoding = 4; lastKnownFileType = sourcecode.c.objc; path = SingleTextInputViewController.m; sourceTree = "<group>"; };
		A4FDB346151F05E30048C199 /* SingleTextInputViewController.xib */ = {isa = PBXFileReference; fileEncoding = 4; lastKnownFileType = file.xib; path = SingleTextInputViewController.xib; sourceTree = "<group>"; };
		E65EC75E15452ABE00158EA6 /* MessagesListViewController.h */ = {isa = PBXFileReference; fileEncoding = 4; lastKnownFileType = sourcecode.c.h; path = MessagesListViewController.h; sourceTree = "<group>"; };
		E65EC75F15452ABE00158EA6 /* MessagesListViewController.m */ = {isa = PBXFileReference; fileEncoding = 4; lastKnownFileType = sourcecode.c.objc; path = MessagesListViewController.m; sourceTree = "<group>"; };
		E65EC76015452ABE00158EA6 /* MessagesListViewController.xib */ = {isa = PBXFileReference; fileEncoding = 4; lastKnownFileType = file.xib; path = MessagesListViewController.xib; sourceTree = "<group>"; };
		E65EC76415452B5200158EA6 /* PSMessage.h */ = {isa = PBXFileReference; fileEncoding = 4; lastKnownFileType = sourcecode.c.h; path = PSMessage.h; sourceTree = "<group>"; };
		E65EC76515452B5200158EA6 /* PSMessage.m */ = {isa = PBXFileReference; fileEncoding = 4; lastKnownFileType = sourcecode.c.objc; path = PSMessage.m; sourceTree = "<group>"; };
		E6DCC029153D0BB10025F70A /* anonymous.png */ = {isa = PBXFileReference; lastKnownFileType = image.png; path = anonymous.png; sourceTree = "<group>"; };
		E6DCC02B153D130D0025F70A /* UserInfoEditorViewController.h */ = {isa = PBXFileReference; fileEncoding = 4; lastKnownFileType = sourcecode.c.h; path = UserInfoEditorViewController.h; sourceTree = "<group>"; };
		E6DCC02C153D130E0025F70A /* UserInfoEditorViewController.m */ = {isa = PBXFileReference; fileEncoding = 4; lastKnownFileType = sourcecode.c.objc; path = UserInfoEditorViewController.m; sourceTree = "<group>"; };
		E6DCC02D153D130E0025F70A /* UserInfoEditorViewController.xib */ = {isa = PBXFileReference; fileEncoding = 4; lastKnownFileType = file.xib; path = UserInfoEditorViewController.xib; sourceTree = "<group>"; };
		E6E6180015401586005AC1B0 /* CommentLabel.h */ = {isa = PBXFileReference; fileEncoding = 4; lastKnownFileType = sourcecode.c.h; path = CommentLabel.h; sourceTree = "<group>"; };
		E6E6180115401586005AC1B0 /* CommentLabel.m */ = {isa = PBXFileReference; fileEncoding = 4; lastKnownFileType = sourcecode.c.objc; path = CommentLabel.m; sourceTree = "<group>"; };
		EC3836BF15770DA40039DE6C /* MapKit.framework */ = {isa = PBXFileReference; lastKnownFileType = wrapper.framework; name = MapKit.framework; path = System/Library/Frameworks/MapKit.framework; sourceTree = SDKROOT; };
		EC3836C115770DAB0039DE6C /* ImageIO.framework */ = {isa = PBXFileReference; lastKnownFileType = wrapper.framework; name = ImageIO.framework; path = System/Library/Frameworks/ImageIO.framework; sourceTree = SDKROOT; };
		EC383927157D9B150039DE6C /* ASIAuthenticationDialog.h */ = {isa = PBXFileReference; fileEncoding = 4; lastKnownFileType = sourcecode.c.h; path = ASIAuthenticationDialog.h; sourceTree = "<group>"; };
		EC383928157D9B150039DE6C /* ASIAuthenticationDialog.m */ = {isa = PBXFileReference; fileEncoding = 4; lastKnownFileType = sourcecode.c.objc; path = ASIAuthenticationDialog.m; sourceTree = "<group>"; };
		EC383929157D9B150039DE6C /* ASICacheDelegate.h */ = {isa = PBXFileReference; fileEncoding = 4; lastKnownFileType = sourcecode.c.h; path = ASICacheDelegate.h; sourceTree = "<group>"; };
		EC38392A157D9B150039DE6C /* ASIDataCompressor.h */ = {isa = PBXFileReference; fileEncoding = 4; lastKnownFileType = sourcecode.c.h; path = ASIDataCompressor.h; sourceTree = "<group>"; };
		EC38392B157D9B150039DE6C /* ASIDataCompressor.m */ = {isa = PBXFileReference; fileEncoding = 4; lastKnownFileType = sourcecode.c.objc; path = ASIDataCompressor.m; sourceTree = "<group>"; };
		EC38392C157D9B150039DE6C /* ASIDataDecompressor.h */ = {isa = PBXFileReference; fileEncoding = 4; lastKnownFileType = sourcecode.c.h; path = ASIDataDecompressor.h; sourceTree = "<group>"; };
		EC38392D157D9B150039DE6C /* ASIDataDecompressor.m */ = {isa = PBXFileReference; fileEncoding = 4; lastKnownFileType = sourcecode.c.objc; path = ASIDataDecompressor.m; sourceTree = "<group>"; };
		EC38392E157D9B150039DE6C /* ASIDownloadCache.h */ = {isa = PBXFileReference; fileEncoding = 4; lastKnownFileType = sourcecode.c.h; path = ASIDownloadCache.h; sourceTree = "<group>"; };
		EC38392F157D9B150039DE6C /* ASIDownloadCache.m */ = {isa = PBXFileReference; fileEncoding = 4; lastKnownFileType = sourcecode.c.objc; path = ASIDownloadCache.m; sourceTree = "<group>"; };
		EC383930157D9B150039DE6C /* ASIFormDataRequest.h */ = {isa = PBXFileReference; fileEncoding = 4; lastKnownFileType = sourcecode.c.h; path = ASIFormDataRequest.h; sourceTree = "<group>"; };
		EC383931157D9B150039DE6C /* ASIFormDataRequest.m */ = {isa = PBXFileReference; fileEncoding = 4; lastKnownFileType = sourcecode.c.objc; path = ASIFormDataRequest.m; sourceTree = "<group>"; };
		EC383932157D9B150039DE6C /* ASIHTTPRequest.h */ = {isa = PBXFileReference; fileEncoding = 4; lastKnownFileType = sourcecode.c.h; path = ASIHTTPRequest.h; sourceTree = "<group>"; };
		EC383933157D9B150039DE6C /* ASIHTTPRequest.m */ = {isa = PBXFileReference; fileEncoding = 4; lastKnownFileType = sourcecode.c.objc; path = ASIHTTPRequest.m; sourceTree = "<group>"; };
		EC383934157D9B150039DE6C /* ASIHTTPRequestConfig.h */ = {isa = PBXFileReference; fileEncoding = 4; lastKnownFileType = sourcecode.c.h; path = ASIHTTPRequestConfig.h; sourceTree = "<group>"; };
		EC383935157D9B150039DE6C /* ASIHTTPRequestDelegate.h */ = {isa = PBXFileReference; fileEncoding = 4; lastKnownFileType = sourcecode.c.h; path = ASIHTTPRequestDelegate.h; sourceTree = "<group>"; };
		EC383936157D9B150039DE6C /* ASIInputStream.h */ = {isa = PBXFileReference; fileEncoding = 4; lastKnownFileType = sourcecode.c.h; path = ASIInputStream.h; sourceTree = "<group>"; };
		EC383937157D9B150039DE6C /* ASIInputStream.m */ = {isa = PBXFileReference; fileEncoding = 4; lastKnownFileType = sourcecode.c.objc; path = ASIInputStream.m; sourceTree = "<group>"; };
		EC383938157D9B150039DE6C /* ASINetworkQueue.h */ = {isa = PBXFileReference; fileEncoding = 4; lastKnownFileType = sourcecode.c.h; path = ASINetworkQueue.h; sourceTree = "<group>"; };
		EC383939157D9B150039DE6C /* ASINetworkQueue.m */ = {isa = PBXFileReference; fileEncoding = 4; lastKnownFileType = sourcecode.c.objc; path = ASINetworkQueue.m; sourceTree = "<group>"; };
		EC38393A157D9B150039DE6C /* ASIProgressDelegate.h */ = {isa = PBXFileReference; fileEncoding = 4; lastKnownFileType = sourcecode.c.h; path = ASIProgressDelegate.h; sourceTree = "<group>"; };
		EC3839A0157D9B310039DE6C /* README-GHUnit */ = {isa = PBXFileReference; fileEncoding = 4; lastKnownFileType = text; path = "README-GHUnit"; sourceTree = "<group>"; };
		EC3839A2157D9B310039DE6C /* Reachability.h */ = {isa = PBXFileReference; fileEncoding = 4; lastKnownFileType = sourcecode.c.h; path = Reachability.h; sourceTree = "<group>"; };
		EC3839A3157D9B310039DE6C /* Reachability.m */ = {isa = PBXFileReference; fileEncoding = 4; lastKnownFileType = sourcecode.c.objc; path = Reachability.m; sourceTree = "<group>"; };
		EC3839A6157D9B410039DE6C /* GPUImage.xcodeproj */ = {isa = PBXFileReference; lastKnownFileType = "wrapper.pb-project"; name = GPUImage.xcodeproj; path = lib/GPUImage/framework/GPUImage.xcodeproj; sourceTree = SOURCE_ROOT; };
		EC3839B4157D9B4F0039DE6C /* CHANGELOG.md */ = {isa = PBXFileReference; fileEncoding = 4; lastKnownFileType = text; path = CHANGELOG.md; sourceTree = "<group>"; };
		EC3839B5157D9B4F0039DE6C /* JSONKit.h */ = {isa = PBXFileReference; fileEncoding = 4; lastKnownFileType = sourcecode.c.h; path = JSONKit.h; sourceTree = "<group>"; };
		EC3839B6157D9B4F0039DE6C /* JSONKit.m */ = {isa = PBXFileReference; fileEncoding = 4; lastKnownFileType = sourcecode.c.objc; path = JSONKit.m; sourceTree = "<group>"; };
		EC3839B7157D9B4F0039DE6C /* README.md */ = {isa = PBXFileReference; fileEncoding = 4; lastKnownFileType = text; path = README.md; sourceTree = "<group>"; };
		EC3839BB157D9B5E0039DE6C /* MBProgressHUD.xcodeproj */ = {isa = PBXFileReference; lastKnownFileType = "wrapper.pb-project"; name = MBProgressHUD.xcodeproj; path = lib/MBProgressHUD/MBProgressHUD.xcodeproj; sourceTree = SOURCE_ROOT; };
		EC3839C5157D9B6B0039DE6C /* button_cancel.png */ = {isa = PBXFileReference; lastKnownFileType = image.png; path = button_cancel.png; sourceTree = "<group>"; };
		EC3839C7157D9B6B0039DE6C /* en */ = {isa = PBXFileReference; lastKnownFileType = file.xib; name = en; path = en.lproj/PSCaptureCore.xib; sourceTree = "<group>"; };
		EC3839C8157D9B6B0039DE6C /* PSAppDelegate.h */ = {isa = PBXFileReference; fileEncoding = 4; lastKnownFileType = sourcecode.c.h; path = PSAppDelegate.h; sourceTree = "<group>"; };
		EC3839C9157D9B6B0039DE6C /* PSAppDelegate.m */ = {isa = PBXFileReference; fileEncoding = 4; lastKnownFileType = sourcecode.c.objc; path = PSAppDelegate.m; sourceTree = "<group>"; };
		EC3839CA157D9B6B0039DE6C /* PSCaptureCore.h */ = {isa = PBXFileReference; fileEncoding = 4; lastKnownFileType = sourcecode.c.h; path = PSCaptureCore.h; sourceTree = "<group>"; };
		EC3839CB157D9B6B0039DE6C /* PSCaptureCore.m */ = {isa = PBXFileReference; fileEncoding = 4; lastKnownFileType = sourcecode.c.objc; path = PSCaptureCore.m; sourceTree = "<group>"; };
		EC3839CC157D9B6B0039DE6C /* PSFilteredImagePicker.h */ = {isa = PBXFileReference; fileEncoding = 4; lastKnownFileType = sourcecode.c.h; path = PSFilteredImagePicker.h; sourceTree = "<group>"; };
		EC3839CD157D9B6B0039DE6C /* PSFilteredImagePicker.m */ = {isa = PBXFileReference; fileEncoding = 4; lastKnownFileType = sourcecode.c.objc; path = PSFilteredImagePicker.m; sourceTree = "<group>"; };
		EC3839D4157D9B7A0039DE6C /* PullRefreshTableViewController.h */ = {isa = PBXFileReference; fileEncoding = 4; lastKnownFileType = sourcecode.c.h; path = PullRefreshTableViewController.h; sourceTree = "<group>"; };
		EC3839D5157D9B7A0039DE6C /* PullRefreshTableViewController.m */ = {isa = PBXFileReference; fileEncoding = 4; lastKnownFileType = sourcecode.c.objc; path = PullRefreshTableViewController.m; sourceTree = "<group>"; };
		EC3839DD157D9B9E0039DE6C /* SDWebImage.xcodeproj */ = {isa = PBXFileReference; lastKnownFileType = "wrapper.pb-project"; name = SDWebImage.xcodeproj; path = lib/SDWebImage/SDWebImage.xcodeproj; sourceTree = SOURCE_ROOT; };
		ECE8100E156A1455005127B8 /* CoreMedia.framework */ = {isa = PBXFileReference; lastKnownFileType = wrapper.framework; name = CoreMedia.framework; path = System/Library/Frameworks/CoreMedia.framework; sourceTree = SDKROOT; };
		ECE81010156A145C005127B8 /* CoreVideo.framework */ = {isa = PBXFileReference; lastKnownFileType = wrapper.framework; name = CoreVideo.framework; path = System/Library/Frameworks/CoreVideo.framework; sourceTree = SDKROOT; };
		ECE81012156A1461005127B8 /* OpenGLES.framework */ = {isa = PBXFileReference; lastKnownFileType = wrapper.framework; name = OpenGLES.framework; path = System/Library/Frameworks/OpenGLES.framework; sourceTree = SDKROOT; };
		ECE81014156A1466005127B8 /* AVFoundation.framework */ = {isa = PBXFileReference; lastKnownFileType = wrapper.framework; name = AVFoundation.framework; path = System/Library/Frameworks/AVFoundation.framework; sourceTree = SDKROOT; };
/* End PBXFileReference section */

/* Begin PBXFrameworksBuildPhase section */
		A44E234E14F7746600A73307 /* Frameworks */ = {
			isa = PBXFrameworksBuildPhase;
			buildActionMask = 2147483647;
			files = (
				EC3839EF157D9BC40039DE6C /* libGPUImage.a in Frameworks */,
				EC3839F0157D9BC40039DE6C /* libMBProgressHUD.a in Frameworks */,
				EC3839F1157D9BC40039DE6C /* libSDWebImage.a in Frameworks */,
				EC3836C215770DAB0039DE6C /* ImageIO.framework in Frameworks */,
				EC3836C015770DA40039DE6C /* MapKit.framework in Frameworks */,
				ECE81015156A1466005127B8 /* AVFoundation.framework in Frameworks */,
				ECE81013156A1461005127B8 /* OpenGLES.framework in Frameworks */,
				ECE81011156A145C005127B8 /* CoreVideo.framework in Frameworks */,
				ECE8100F156A1455005127B8 /* CoreMedia.framework in Frameworks */,
				A40B573F150477600045C9B1 /* libz.dylib in Frameworks */,
				A44E235A14F7746600A73307 /* CoreGraphics.framework in Frameworks */,
				A40B573D150477240045C9B1 /* MobileCoreServices.framework in Frameworks */,
				A40B573B1504771F0045C9B1 /* SystemConfiguration.framework in Frameworks */,
				A40B57391504770F0045C9B1 /* CFNetwork.framework in Frameworks */,
				A4BAB80314FDF1F400E51402 /* QuartzCore.framework in Frameworks */,
				A44E235614F7746600A73307 /* UIKit.framework in Frameworks */,
				A44E235814F7746600A73307 /* Foundation.framework in Frameworks */,
			);
			runOnlyForDeploymentPostprocessing = 0;
		};
/* End PBXFrameworksBuildPhase section */

/* Begin PBXGroup section */
		A40B56EB15032C8D0045C9B1 /* Models */ = {
			isa = PBXGroup;
			children = (
				A40B56ED15032CBF0045C9B1 /* User.h */,
				A40B56EE15032CBF0045C9B1 /* User.m */,
				A40B56F015032CDE0045C9B1 /* PictureStatus.h */,
				A40B56F115032CDE0045C9B1 /* PictureStatus.m */,
				A40B56F315032CFF0045C9B1 /* Board.h */,
				A40B56F415032CFF0045C9B1 /* Board.m */,
				A40B56F61503394C0045C9B1 /* Category.h */,
				A40B56F71503394C0045C9B1 /* Category.m */,
				A40B56F9150339790045C9B1 /* Comment.h */,
				A40B56FA150339790045C9B1 /* Comment.m */,
				A468C10E152C3CB400D1CE6B /* ErrorMessage.h */,
				A468C10F152C3CB400D1CE6B /* ErrorMessage.m */,
				E65EC76415452B5200158EA6 /* PSMessage.h */,
				E65EC76515452B5200158EA6 /* PSMessage.m */,
			);
			name = Models;
			sourceTree = "<group>";
		};
		A40B56FC15034A3B0045C9B1 /* Network */ = {
			isa = PBXGroup;
			children = (
				A40B56FD15034A510045C9B1 /* PicShareEngine.h */,
				A40B56FE15034A510045C9B1 /* PicShareEngine.m */,
				A40B576C1505211C0045C9B1 /* AsyncImageDownloader.h */,
				A40B576D1505211C0045C9B1 /* AsyncImageDownloader.m */,
			);
			name = Network;
			sourceTree = "<group>";
		};
		A40B570C150473AD0045C9B1 /* Views */ = {
			isa = PBXGroup;
			children = (
				A48FD2C415271200003F0BDD /* BoardDetailViewController.xib */,
				A47A276D152DE2C0000ACBEE /* BoardInfoEditorViewController.xib */,
				A40B5715150474200045C9B1 /* CategoriesViewController.xib */,
				A4FDB346151F05E30048C199 /* SingleTextInputViewController.xib */,
				A4203CE3151D8477008B29A9 /* PictureInfoEditViewController.xib */,
				A45702B41514809F005BC6FF /* UserDetailViewController.xib */,
				A44DE7801515F1AE0048681E /* UsersListViewController.xib */,
				E6DCC02D153D130E0025F70A /* UserInfoEditorViewController.xib */,
				A496A1921543E61D004169D1 /* CommentsListViewController.xib */,
				A46D14D5154417C2007859E0 /* CommentCell.xib */,
				A40B57501504B2640045C9B1 /* BoardsListCell.h */,
				A40B57511504B2640045C9B1 /* BoardsListCell.m */,
				A40B57561504C3280045C9B1 /* Design.xib */,
				A47FA465150E48690083CF97 /* _PSThumbnailImageView.h */,
				A47FA466150E48690083CF97 /* _PSThumbnailImageView.m */,
				A457024815119D2B005BC6FF /* PicDetailView.h */,
				A457024915119D2B005BC6FF /* PicDetailView.m */,
				A47D9C881520959B00ADACF6 /* PSThumbnailImageView.h */,
				A47D9C891520959B00ADACF6 /* PSThumbnailImageView.m */,
				A47D9C9C1523099200ADACF6 /* TimelineCell.h */,
				A47D9C9D1523099200ADACF6 /* TimelineCell.m */,
				E6E6180015401586005AC1B0 /* CommentLabel.h */,
				E6E6180115401586005AC1B0 /* CommentLabel.m */,
			);
			name = Views;
			sourceTree = "<group>";
		};
		A44B656514FFC9B5005D6588 /* ViewControllers */ = {
			isa = PBXGroup;
			children = (
				A48FD2C2152711FF003F0BDD /* BoardDetailViewController.h */,
				A48FD2C3152711FF003F0BDD /* BoardDetailViewController.m */,
				A47A276B152DE2C0000ACBEE /* BoardInfoEditorViewController.h */,
				A47A276C152DE2C0000ACBEE /* BoardInfoEditorViewController.m */,
				A4FDB33F151F01660048C199 /* BoardPickerViewController.h */,
				A4FDB340151F01660048C199 /* BoardPickerViewController.m */,
				A40B57531504B2B00045C9B1 /* BoardsListViewController.h */,
				A40B57541504B2B00045C9B1 /* BoardsListViewController.m */,
				A40B5713150474200045C9B1 /* CategoriesViewController.h */,
				A40B5714150474200045C9B1 /* CategoriesViewController.m */,
				A47FA45F150E481A0083CF97 /* PicDetailViewController.h */,
				A47FA460150E481A0083CF97 /* PicDetailViewController.m */,
				A4FDB344151F05E20048C199 /* SingleTextInputViewController.h */,
				A4FDB345151F05E30048C199 /* SingleTextInputViewController.m */,
				A4203CE1151D8477008B29A9 /* PictureInfoEditViewController.h */,
				A4203CE2151D8477008B29A9 /* PictureInfoEditViewController.m */,
				A47D9C99152308A700ADACF6 /* TimelineViewController.h */,
				A47D9C9A152308A900ADACF6 /* TimelineViewController.m */,
				A45702B21514809F005BC6FF /* UserDetailViewController.h */,
				A45702B31514809F005BC6FF /* UserDetailViewController.m */,
				A44DE77E1515F1AE0048681E /* UsersListViewController.h */,
				A44DE77F1515F1AE0048681E /* UsersListViewController.m */,
				E6DCC02B153D130D0025F70A /* UserInfoEditorViewController.h */,
				E6DCC02C153D130E0025F70A /* UserInfoEditorViewController.m */,
				A496A1901543E61D004169D1 /* CommentsListViewController.h */,
				A496A1911543E61D004169D1 /* CommentsListViewController.m */,
				E65EC75E15452ABE00158EA6 /* MessagesListViewController.h */,
				E65EC75F15452ABE00158EA6 /* MessagesListViewController.m */,
				E65EC76015452ABE00158EA6 /* MessagesListViewController.xib */,
			);
			name = ViewControllers;
			sourceTree = "<group>";
		};
		A44DEBDA1519CE1900EAC9C7 /* icons */ = {
			isa = PBXGroup;
			children = (
				A48FD2B81527102D003F0BDD /* icon@2x.png */,
				A4462BF4151714B0003E5F9F /* house@2x.png */,
				A4462BF5151714B1003E5F9F /* glass@2x.png */,
				A4462BF6151714B1003E5F9F /* mail@2x.png */,
				A4462BF7151714B1003E5F9F /* man@2x.png */,
				A4462BEC1517145E003E5F9F /* house.png */,
				A4462BED1517145E003E5F9F /* glass.png */,
				A4462BEE1517145F003E5F9F /* mail.png */,
				A4462BEF1517145F003E5F9F /* man.png */,
			);
			name = icons;
			sourceTree = "<group>";
		};
		A44DEBDB1519CE2A00EAC9C7 /* buttons */ = {
			isa = PBXGroup;
			children = (
				A4462BD21516FAB4003E5F9F /* unfoButton-press.png */,
				A4462BD31516FAB4003E5F9F /* unfoButton-press@2x.png */,
				A4462BD41516FAB4003E5F9F /* unfoButton.png */,
				A4462BD51516FAB4003E5F9F /* unfoButton@2x.png */,
				A4462BCE1516F726003E5F9F /* followButton-press.png */,
				A4462BCF1516F726003E5F9F /* followButton-press@2x.png */,
				A4462BC11516EF75003E5F9F /* followButton.png */,
				A4462BC21516EF75003E5F9F /* followButton@2x.png */,
				A44DE7391515960F0048681E /* button-hover.png */,
				A44DE73A1515960F0048681E /* button-hover@2x.png */,
				A44DE73B1515960F0048681E /* button.png */,
				A44DE73C1515960F0048681E /* button@2x.png */,
			);
			name = buttons;
			sourceTree = "<group>";
		};
		A44DEBDC1519CE3900EAC9C7 /* others */ = {
			isa = PBXGroup;
			children = (
				A4AE178B156A762B00C93BEC /* first-run-bg2.png */,
				A4AE178C156A762B00C93BEC /* first-run-bg2@2x.png */,
				A4AE178D156A762B00C93BEC /* first-run-bg3.png */,
				A4AE178E156A762B00C93BEC /* first-run-bg3@2x.png */,
				A4AE178F156A762B00C93BEC /* first-run-bg4.png */,
				A4AE1790156A762B00C93BEC /* first-run-bg4@2x.png */,
				A41DC95215668431001AB71C /* first_run_bg.png */,
				A41DC946156683CC001AB71C /* first_run_bg@2x.png */,
				A41DC947156683CC001AB71C /* sign_in.png */,
				A41DC948156683CC001AB71C /* sign_in@2x.png */,
				A41DC949156683CC001AB71C /* sign_up.png */,
				A41DC94A156683CC001AB71C /* sign_up@2x.png */,
				A4103E5C155A573000E06D06 /* rounded_table_cell_bottom.png */,
				A4103E5D155A573000E06D06 /* rounded_table_cell_bottom@2x.png */,
				A4103E5E155A573000E06D06 /* rounded_table_cell_button.png */,
				A4103E5F155A573000E06D06 /* rounded_table_cell_header.png */,
				A4103E60155A573000E06D06 /* rounded_table_cell_top.png */,
				A4103E61155A573000E06D06 /* rounded_table_cell_top@2x.png */,
				A4103E62155A573000E06D06 /* rounded_table_cell.png */,
				E6DCC029153D0BB10025F70A /* anonymous.png */,
				A48FD2B21527028B003F0BDD /* PicturePlaceHolder-error.png */,
				A48FD2AF15270073003F0BDD /* PicturePlaceHolder.png */,
				A44DEBDD1519CE5800EAC9C7 /* rc-1.png */,
				A44DEBDE1519CE5800EAC9C7 /* rc-2.png */,
				A44DEBDF1519CE5800EAC9C7 /* rc-3.png */,
				A44DEBE01519CE5800EAC9C7 /* rc-4.png */,
			);
			name = others;
			sourceTree = "<group>";
		};
		A44E234614F7746600A73307 = {
			isa = PBXGroup;
			children = (
				A44E235B14F7746600A73307 /* PicShareClient_iOS */,
				A44E235414F7746600A73307 /* Frameworks */,
				A44E235214F7746600A73307 /* Products */,
			);
			sourceTree = "<group>";
		};
		A44E235214F7746600A73307 /* Products */ = {
			isa = PBXGroup;
			children = (
				A44E235114F7746600A73307 /* PicShareClient_iOS.app */,
			);
			name = Products;
			sourceTree = "<group>";
		};
		A44E235414F7746600A73307 /* Frameworks */ = {
			isa = PBXGroup;
			children = (
				EC3836C115770DAB0039DE6C /* ImageIO.framework */,
				EC3836BF15770DA40039DE6C /* MapKit.framework */,
				ECE81014156A1466005127B8 /* AVFoundation.framework */,
				ECE81012156A1461005127B8 /* OpenGLES.framework */,
				ECE81010156A145C005127B8 /* CoreVideo.framework */,
				ECE8100E156A1455005127B8 /* CoreMedia.framework */,
				A48FD2C015271131003F0BDD /* icon.png */,
				A40B573E150477600045C9B1 /* libz.dylib */,
				A40B573C150477240045C9B1 /* MobileCoreServices.framework */,
				A40B573A1504771F0045C9B1 /* SystemConfiguration.framework */,
				A40B57381504770F0045C9B1 /* CFNetwork.framework */,
				A4BAB80214FDF1F400E51402 /* QuartzCore.framework */,
				A44E235514F7746600A73307 /* UIKit.framework */,
				A44E235714F7746600A73307 /* Foundation.framework */,
				A44E235914F7746600A73307 /* CoreGraphics.framework */,
			);
			name = Frameworks;
			sourceTree = "<group>";
		};
		A44E235B14F7746600A73307 /* PicShareClient_iOS */ = {
			isa = PBXGroup;
			children = (
				A46DA5FA1505DAC800EA9D8B /* Resources */,
				A46DA5F51505BFAC00EA9D8B /* Utils */,
				A40B570C150473AD0045C9B1 /* Views */,
				A40B56FC15034A3B0045C9B1 /* Network */,
				A40B56EB15032C8D0045C9B1 /* Models */,
				A44B656514FFC9B5005D6588 /* ViewControllers */,
				A4BAB7E014FDE74700E51402 /* lib */,
				A4BAB7D414FDE3FF00E51402 /* Application */,
				A44E235C14F7746600A73307 /* Supporting Files */,
			);
			path = PicShareClient_iOS;
			sourceTree = "<group>";
		};
		A44E235C14F7746600A73307 /* Supporting Files */ = {
			isa = PBXGroup;
			children = (
				A44E235D14F7746600A73307 /* PicShareClient_iOS-Info.plist */,
				A44E235E14F7746600A73307 /* InfoPlist.strings */,
				A44E236114F7746600A73307 /* main.m */,
				A44E236314F7746600A73307 /* PicShareClient_iOS-Prefix.pch */,
			);
			name = "Supporting Files";
			sourceTree = "<group>";
		};
		A46DA5F51505BFAC00EA9D8B /* Utils */ = {
			isa = PBXGroup;
			children = (
				A46DA5F71505C00600EA9D8B /* UIImageView+AsyncImageContainer.h */,
				A46DA5F81505C00600EA9D8B /* UIImageView+AsyncImageContainer.m */,
				A457024B1511ADDC005BC6FF /* UIImageView+Resize.h */,
				A457024C1511ADDC005BC6FF /* UIImageView+Resize.m */,
			);
			name = Utils;
			sourceTree = "<group>";
		};
		A46DA5FA1505DAC800EA9D8B /* Resources */ = {
			isa = PBXGroup;
			children = (
				A44DEBDC1519CE3900EAC9C7 /* others */,
				A44DEBDB1519CE2A00EAC9C7 /* buttons */,
				A44DEBDA1519CE1900EAC9C7 /* icons */,
			);
			name = Resources;
			sourceTree = "<group>";
		};
		A4BAB7D414FDE3FF00E51402 /* Application */ = {
			isa = PBXGroup;
			children = (
				A44E236414F7746600A73307 /* PicShareClient_iOSAppDelegate.h */,
				A44E236514F7746600A73307 /* PicShareClient_iOSAppDelegate.m */,
				A44E236714F7746600A73307 /* MainWindow.xib */,
				A47D9C8C1520968500ADACF6 /* Common.h */,
				A47D9C8D1520968500ADACF6 /* Common.m */,
				A464D83A155A4F3A002D5CC7 /* FirstRunViewController.h */,
				A464D83B155A4F3A002D5CC7 /* FirstRunViewController.m */,
				A464D83C155A4F3A002D5CC7 /* FirstRunViewController.xib */,
				A4103E6B155A5C3700E06D06 /* PSKeySets.h */,
				A4103E74155B7AF900E06D06 /* TabbarViewController.xib */,
			);
			name = Application;
			sourceTree = "<group>";
		};
		A4BAB7E014FDE74700E51402 /* lib */ = {
			isa = PBXGroup;
			children = (
				EC3839DD157D9B9E0039DE6C /* SDWebImage.xcodeproj */,
				EC3839D3157D9B7A0039DE6C /* PullRefresh */,
				EC3839C4157D9B6B0039DE6C /* PSFilteredCamera */,
				EC3839BB157D9B5E0039DE6C /* MBProgressHUD.xcodeproj */,
				EC3839B3157D9B4F0039DE6C /* JSONKit */,
				EC3839A6157D9B410039DE6C /* GPUImage.xcodeproj */,
				EC383926157D9B150039DE6C /* ASIHTTPRequest */,
				A4BAB7E114FDE75F00E51402 /* CustomTabController */,
			);
			name = lib;
			sourceTree = "<group>";
		};
		A4BAB7E114FDE75F00E51402 /* CustomTabController */ = {
			isa = PBXGroup;
			children = (
				A4BAB7E614FDE7E500E51402 /* CustomTabBarController.h */,
				A4BAB7E714FDE7E500E51402 /* CustomTabBarController.m */,
				A4BAB7E214FDE7B800E51402 /* capture-button.png */,
				A4BAB7E314FDE7B800E51402 /* capture-button@2x.png */,
			);
			name = CustomTabController;
			sourceTree = "<group>";
		};
		EC383926157D9B150039DE6C /* ASIHTTPRequest */ = {
			isa = PBXGroup;
			children = (
				EC38399E157D9B310039DE6C /* External */,
				EC383927157D9B150039DE6C /* ASIAuthenticationDialog.h */,
				EC383928157D9B150039DE6C /* ASIAuthenticationDialog.m */,
				EC383929157D9B150039DE6C /* ASICacheDelegate.h */,
				EC38392A157D9B150039DE6C /* ASIDataCompressor.h */,
				EC38392B157D9B150039DE6C /* ASIDataCompressor.m */,
				EC38392C157D9B150039DE6C /* ASIDataDecompressor.h */,
				EC38392D157D9B150039DE6C /* ASIDataDecompressor.m */,
				EC38392E157D9B150039DE6C /* ASIDownloadCache.h */,
				EC38392F157D9B150039DE6C /* ASIDownloadCache.m */,
				EC383930157D9B150039DE6C /* ASIFormDataRequest.h */,
				EC383931157D9B150039DE6C /* ASIFormDataRequest.m */,
				EC383932157D9B150039DE6C /* ASIHTTPRequest.h */,
				EC383933157D9B150039DE6C /* ASIHTTPRequest.m */,
				EC383934157D9B150039DE6C /* ASIHTTPRequestConfig.h */,
				EC383935157D9B150039DE6C /* ASIHTTPRequestDelegate.h */,
				EC383936157D9B150039DE6C /* ASIInputStream.h */,
				EC383937157D9B150039DE6C /* ASIInputStream.m */,
				EC383938157D9B150039DE6C /* ASINetworkQueue.h */,
				EC383939157D9B150039DE6C /* ASINetworkQueue.m */,
				EC38393A157D9B150039DE6C /* ASIProgressDelegate.h */,
			);
			name = ASIHTTPRequest;
			path = lib/ASIHTTPRequest/Classes;
			sourceTree = SOURCE_ROOT;
		};
		EC38399E157D9B310039DE6C /* External */ = {
			isa = PBXGroup;
			children = (
				EC38399F157D9B310039DE6C /* GHUnit */,
				EC3839A1157D9B310039DE6C /* Reachability */,
			);
			name = External;
			path = lib/ASIHTTPRequest/External;
			sourceTree = SOURCE_ROOT;
		};
		EC38399F157D9B310039DE6C /* GHUnit */ = {
			isa = PBXGroup;
			children = (
				EC3839A0157D9B310039DE6C /* README-GHUnit */,
			);
			path = GHUnit;
			sourceTree = "<group>";
		};
		EC3839A1157D9B310039DE6C /* Reachability */ = {
			isa = PBXGroup;
			children = (
				EC3839A2157D9B310039DE6C /* Reachability.h */,
				EC3839A3157D9B310039DE6C /* Reachability.m */,
			);
			path = Reachability;
			sourceTree = "<group>";
		};
		EC3839A7157D9B410039DE6C /* Products */ = {
			isa = PBXGroup;
			children = (
				EC3839B0157D9B410039DE6C /* libGPUImage.a */,
				EC3839B2157D9B410039DE6C /* GPUImageTests.octest */,
			);
			name = Products;
			sourceTree = "<group>";
		};
		EC3839B3157D9B4F0039DE6C /* JSONKit */ = {
			isa = PBXGroup;
			children = (
				EC3839B4157D9B4F0039DE6C /* CHANGELOG.md */,
				EC3839B5157D9B4F0039DE6C /* JSONKit.h */,
				EC3839B6157D9B4F0039DE6C /* JSONKit.m */,
				EC3839B7157D9B4F0039DE6C /* README.md */,
			);
			name = JSONKit;
			path = lib/JSONKit;
			sourceTree = SOURCE_ROOT;
		};
		EC3839BC157D9B5E0039DE6C /* Products */ = {
			isa = PBXGroup;
			children = (
				EC3839C3157D9B5E0039DE6C /* libMBProgressHUD.a */,
			);
			name = Products;
			sourceTree = "<group>";
		};
		EC3839C4157D9B6B0039DE6C /* PSFilteredCamera */ = {
			isa = PBXGroup;
			children = (
				EC3839C5157D9B6B0039DE6C /* button_cancel.png */,
				EC3839C6157D9B6B0039DE6C /* PSCaptureCore.xib */,
				EC3839C8157D9B6B0039DE6C /* PSAppDelegate.h */,
				EC3839C9157D9B6B0039DE6C /* PSAppDelegate.m */,
				EC3839CA157D9B6B0039DE6C /* PSCaptureCore.h */,
				EC3839CB157D9B6B0039DE6C /* PSCaptureCore.m */,
				EC3839CC157D9B6B0039DE6C /* PSFilteredImagePicker.h */,
				EC3839CD157D9B6B0039DE6C /* PSFilteredImagePicker.m */,
			);
			name = PSFilteredCamera;
			path = lib/PSFilteredCamera;
			sourceTree = SOURCE_ROOT;
		};
		EC3839D3157D9B7A0039DE6C /* PullRefresh */ = {
			isa = PBXGroup;
			children = (
				EC3839D4157D9B7A0039DE6C /* PullRefreshTableViewController.h */,
				EC3839D5157D9B7A0039DE6C /* PullRefreshTableViewController.m */,
			);
			name = PullRefresh;
			path = lib/PullRefresh;
			sourceTree = SOURCE_ROOT;
		};
		EC3839DE157D9B9E0039DE6C /* Products */ = {
			isa = PBXGroup;
			children = (
				EC3839E6157D9B9E0039DE6C /* libSDWebImage.a */,
				EC3839E8157D9B9E0039DE6C /* libSDWebImageARC.a */,
			);
			name = Products;
			sourceTree = "<group>";
		};
/* End PBXGroup section */

/* Begin PBXNativeTarget section */
		A44E235014F7746600A73307 /* PicShareClient_iOS */ = {
			isa = PBXNativeTarget;
			buildConfigurationList = A44E237814F7746600A73307 /* Build configuration list for PBXNativeTarget "PicShareClient_iOS" */;
			buildPhases = (
				A44E234D14F7746600A73307 /* Sources */,
				A44E234E14F7746600A73307 /* Frameworks */,
				A44E234F14F7746600A73307 /* Resources */,
			);
			buildRules = (
			);
			dependencies = (
				EC3839EA157D9BB70039DE6C /* PBXTargetDependency */,
				EC3839EC157D9BB70039DE6C /* PBXTargetDependency */,
				EC3839EE157D9BB70039DE6C /* PBXTargetDependency */,
			);
			name = PicShareClient_iOS;
			productName = PicShareClient_iOS;
			productReference = A44E235114F7746600A73307 /* PicShareClient_iOS.app */;
			productType = "com.apple.product-type.application";
		};
/* End PBXNativeTarget section */

/* Begin PBXProject section */
		A44E234814F7746600A73307 /* Project object */ = {
			isa = PBXProject;
			attributes = {
				LastUpgradeCheck = 0430;
				ORGANIZATIONNAME = "Shanghai University";
			};
			buildConfigurationList = A44E234B14F7746600A73307 /* Build configuration list for PBXProject "PicShareClient_iOS" */;
			compatibilityVersion = "Xcode 3.2";
			developmentRegion = English;
			hasScannedForEncodings = 0;
			knownRegions = (
				en,
			);
			mainGroup = A44E234614F7746600A73307;
			productRefGroup = A44E235214F7746600A73307 /* Products */;
			projectDirPath = "";
			projectReferences = (
				{
					ProductGroup = EC3839A7157D9B410039DE6C /* Products */;
					ProjectRef = EC3839A6157D9B410039DE6C /* GPUImage.xcodeproj */;
				},
				{
					ProductGroup = EC3839BC157D9B5E0039DE6C /* Products */;
					ProjectRef = EC3839BB157D9B5E0039DE6C /* MBProgressHUD.xcodeproj */;
				},
				{
					ProductGroup = EC3839DE157D9B9E0039DE6C /* Products */;
					ProjectRef = EC3839DD157D9B9E0039DE6C /* SDWebImage.xcodeproj */;
				},
			);
			projectRoot = "";
			targets = (
				A44E235014F7746600A73307 /* PicShareClient_iOS */,
			);
		};
/* End PBXProject section */

/* Begin PBXReferenceProxy section */
		EC3839B0157D9B410039DE6C /* libGPUImage.a */ = {
			isa = PBXReferenceProxy;
			fileType = archive.ar;
			path = libGPUImage.a;
			remoteRef = EC3839AF157D9B410039DE6C /* PBXContainerItemProxy */;
			sourceTree = BUILT_PRODUCTS_DIR;
		};
		EC3839B2157D9B410039DE6C /* GPUImageTests.octest */ = {
			isa = PBXReferenceProxy;
			fileType = wrapper.cfbundle;
			path = GPUImageTests.octest;
			remoteRef = EC3839B1157D9B410039DE6C /* PBXContainerItemProxy */;
			sourceTree = BUILT_PRODUCTS_DIR;
		};
		EC3839C3157D9B5E0039DE6C /* libMBProgressHUD.a */ = {
			isa = PBXReferenceProxy;
			fileType = archive.ar;
			path = libMBProgressHUD.a;
			remoteRef = EC3839C2157D9B5E0039DE6C /* PBXContainerItemProxy */;
			sourceTree = BUILT_PRODUCTS_DIR;
		};
		EC3839E6157D9B9E0039DE6C /* libSDWebImage.a */ = {
			isa = PBXReferenceProxy;
			fileType = archive.ar;
			path = libSDWebImage.a;
			remoteRef = EC3839E5157D9B9E0039DE6C /* PBXContainerItemProxy */;
			sourceTree = BUILT_PRODUCTS_DIR;
		};
		EC3839E8157D9B9E0039DE6C /* libSDWebImageARC.a */ = {
			isa = PBXReferenceProxy;
			fileType = archive.ar;
			path = libSDWebImageARC.a;
			remoteRef = EC3839E7157D9B9E0039DE6C /* PBXContainerItemProxy */;
			sourceTree = BUILT_PRODUCTS_DIR;
		};
/* End PBXReferenceProxy section */

/* Begin PBXResourcesBuildPhase section */
		A44E234F14F7746600A73307 /* Resources */ = {
			isa = PBXResourcesBuildPhase;
			buildActionMask = 2147483647;
			files = (
				A44E236014F7746600A73307 /* InfoPlist.strings in Resources */,
				A44E236914F7746600A73307 /* MainWindow.xib in Resources */,
				A4BAB7E414FDE7B800E51402 /* capture-button.png in Resources */,
				A4BAB7E514FDE7B800E51402 /* capture-button@2x.png in Resources */,
				A40B5717150474200045C9B1 /* CategoriesViewController.xib in Resources */,
				A40B57571504C3280045C9B1 /* Design.xib in Resources */,
				A45702B61514809F005BC6FF /* UserDetailViewController.xib in Resources */,
				A44DE73D1515960F0048681E /* button-hover.png in Resources */,
				A44DE73E1515960F0048681E /* button-hover@2x.png in Resources */,
				A44DE73F1515960F0048681E /* button.png in Resources */,
				A44DE7401515960F0048681E /* button@2x.png in Resources */,
				A44DE7821515F1AE0048681E /* UsersListViewController.xib in Resources */,
				A4462BC31516EF75003E5F9F /* followButton.png in Resources */,
				A4462BC41516EF75003E5F9F /* followButton@2x.png in Resources */,
				A4462BD01516F726003E5F9F /* followButton-press.png in Resources */,
				A4462BD11516F726003E5F9F /* followButton-press@2x.png in Resources */,
				A4462BD61516FAB4003E5F9F /* unfoButton-press.png in Resources */,
				A4462BD71516FAB4003E5F9F /* unfoButton-press@2x.png in Resources */,
				A4462BD81516FAB4003E5F9F /* unfoButton.png in Resources */,
				A4462BD91516FAB4003E5F9F /* unfoButton@2x.png in Resources */,
				A4462BF01517145F003E5F9F /* house.png in Resources */,
				A4462BF11517145F003E5F9F /* glass.png in Resources */,
				A4462BF21517145F003E5F9F /* mail.png in Resources */,
				A4462BF31517145F003E5F9F /* man.png in Resources */,
				A4462BF8151714B1003E5F9F /* house@2x.png in Resources */,
				A4462BF9151714B1003E5F9F /* glass@2x.png in Resources */,
				A4462BFA151714B1003E5F9F /* mail@2x.png in Resources */,
				A4462BFB151714B1003E5F9F /* man@2x.png in Resources */,
				A44DEBE11519CE5800EAC9C7 /* rc-1.png in Resources */,
				A44DEBE21519CE5800EAC9C7 /* rc-2.png in Resources */,
				A44DEBE31519CE5800EAC9C7 /* rc-3.png in Resources */,
				A44DEBE41519CE5800EAC9C7 /* rc-4.png in Resources */,
				A4203CE5151D8477008B29A9 /* PictureInfoEditViewController.xib in Resources */,
				A4FDB348151F05E30048C199 /* SingleTextInputViewController.xib in Resources */,
				A48FD2B015270073003F0BDD /* PicturePlaceHolder.png in Resources */,
				A48FD2B31527028B003F0BDD /* PicturePlaceHolder-error.png in Resources */,
				A48FD2B91527102D003F0BDD /* icon@2x.png in Resources */,
				A48FD2C115271131003F0BDD /* icon.png in Resources */,
				A48FD2C615271200003F0BDD /* BoardDetailViewController.xib in Resources */,
				A47A276F152DE2C0000ACBEE /* BoardInfoEditorViewController.xib in Resources */,
				E6DCC02A153D0BB10025F70A /* anonymous.png in Resources */,
				E6DCC02F153D130F0025F70A /* UserInfoEditorViewController.xib in Resources */,
				A496A1941543E61D004169D1 /* CommentsListViewController.xib in Resources */,
				A46D14D6154417C2007859E0 /* CommentCell.xib in Resources */,
				E65EC76215452ABE00158EA6 /* MessagesListViewController.xib in Resources */,
				A464D83E155A4F3A002D5CC7 /* FirstRunViewController.xib in Resources */,
				A4103E63155A573000E06D06 /* rounded_table_cell_bottom.png in Resources */,
				A4103E64155A573000E06D06 /* rounded_table_cell_bottom@2x.png in Resources */,
				A4103E65155A573000E06D06 /* rounded_table_cell_button.png in Resources */,
				A4103E66155A573000E06D06 /* rounded_table_cell_header.png in Resources */,
				A4103E67155A573000E06D06 /* rounded_table_cell_top.png in Resources */,
				A4103E68155A573000E06D06 /* rounded_table_cell_top@2x.png in Resources */,
				A4103E69155A573000E06D06 /* rounded_table_cell.png in Resources */,
				A4103E75155B7AF900E06D06 /* TabbarViewController.xib in Resources */,
				A41DC94C156683CC001AB71C /* first_run_bg@2x.png in Resources */,
				A41DC94D156683CC001AB71C /* sign_in.png in Resources */,
				A41DC94E156683CC001AB71C /* sign_in@2x.png in Resources */,
				A41DC94F156683CC001AB71C /* sign_up.png in Resources */,
				A41DC950156683CC001AB71C /* sign_up@2x.png in Resources */,
				A41DC95315668431001AB71C /* first_run_bg.png in Resources */,
				A4AE1791156A762B00C93BEC /* first-run-bg2.png in Resources */,
				A4AE1792156A762B00C93BEC /* first-run-bg2@2x.png in Resources */,
				A4AE1793156A762B00C93BEC /* first-run-bg3.png in Resources */,
				A4AE1794156A762B00C93BEC /* first-run-bg3@2x.png in Resources */,
				A4AE1795156A762B00C93BEC /* first-run-bg4.png in Resources */,
				A4AE1796156A762B00C93BEC /* first-run-bg4@2x.png in Resources */,
				EC3839A4157D9B310039DE6C /* README-GHUnit in Resources */,
				EC3839B8157D9B4F0039DE6C /* CHANGELOG.md in Resources */,
				EC3839BA157D9B4F0039DE6C /* README.md in Resources */,
				EC3839CE157D9B6B0039DE6C /* button_cancel.png in Resources */,
				EC3839CF157D9B6B0039DE6C /* PSCaptureCore.xib in Resources */,
			);
			runOnlyForDeploymentPostprocessing = 0;
		};
/* End PBXResourcesBuildPhase section */

/* Begin PBXSourcesBuildPhase section */
		A44E234D14F7746600A73307 /* Sources */ = {
			isa = PBXSourcesBuildPhase;
			buildActionMask = 2147483647;
			files = (
				A44E236214F7746600A73307 /* main.m in Sources */,
				A44E236614F7746600A73307 /* PicShareClient_iOSAppDelegate.m in Sources */,
				A4BAB7E814FDE7E500E51402 /* CustomTabBarController.m in Sources */,
				A40B56EF15032CBF0045C9B1 /* User.m in Sources */,
				A40B56F215032CDE0045C9B1 /* PictureStatus.m in Sources */,
				A40B56F515032CFF0045C9B1 /* Board.m in Sources */,
				A40B56F81503394C0045C9B1 /* Category.m in Sources */,
				A40B56FB150339790045C9B1 /* Comment.m in Sources */,
				A40B56FF15034A510045C9B1 /* PicShareEngine.m in Sources */,
				A40B5716150474200045C9B1 /* CategoriesViewController.m in Sources */,
				A40B57521504B2640045C9B1 /* BoardsListCell.m in Sources */,
				A40B57551504B2B00045C9B1 /* BoardsListViewController.m in Sources */,
				A40B576E1505211C0045C9B1 /* AsyncImageDownloader.m in Sources */,
				A46DA5F91505C00600EA9D8B /* UIImageView+AsyncImageContainer.m in Sources */,
				A47FA462150E481A0083CF97 /* PicDetailViewController.m in Sources */,
				A47FA467150E48690083CF97 /* _PSThumbnailImageView.m in Sources */,
				A457024A15119D2B005BC6FF /* PicDetailView.m in Sources */,
				A457024D1511ADDC005BC6FF /* UIImageView+Resize.m in Sources */,
				A45702B51514809F005BC6FF /* UserDetailViewController.m in Sources */,
				A44DE7811515F1AE0048681E /* UsersListViewController.m in Sources */,
				A4203CE4151D8477008B29A9 /* PictureInfoEditViewController.m in Sources */,
				A4FDB342151F01660048C199 /* BoardPickerViewController.m in Sources */,
				A4FDB347151F05E30048C199 /* SingleTextInputViewController.m in Sources */,
				A47D9C8A1520959B00ADACF6 /* PSThumbnailImageView.m in Sources */,
				A47D9C8E1520968500ADACF6 /* Common.m in Sources */,
				A47D9C9B152308A900ADACF6 /* TimelineViewController.m in Sources */,
				A47D9C9E1523099300ADACF6 /* TimelineCell.m in Sources */,
				A48FD2C515271200003F0BDD /* BoardDetailViewController.m in Sources */,
				A468C110152C3CB400D1CE6B /* ErrorMessage.m in Sources */,
				A47A276E152DE2C0000ACBEE /* BoardInfoEditorViewController.m in Sources */,
				E6DCC02E153D130F0025F70A /* UserInfoEditorViewController.m in Sources */,
				E6E6180215401586005AC1B0 /* CommentLabel.m in Sources */,
				A496A1931543E61D004169D1 /* CommentsListViewController.m in Sources */,
				E65EC76115452ABE00158EA6 /* MessagesListViewController.m in Sources */,
				E65EC76615452B5200158EA6 /* PSMessage.m in Sources */,
				A464D83D155A4F3A002D5CC7 /* FirstRunViewController.m in Sources */,
				EC383979157D9B150039DE6C /* ASIAuthenticationDialog.m in Sources */,
				EC38397A157D9B150039DE6C /* ASIDataCompressor.m in Sources */,
				EC38397B157D9B150039DE6C /* ASIDataDecompressor.m in Sources */,
				EC38397C157D9B150039DE6C /* ASIDownloadCache.m in Sources */,
				EC38397D157D9B150039DE6C /* ASIFormDataRequest.m in Sources */,
				EC38397E157D9B150039DE6C /* ASIHTTPRequest.m in Sources */,
				EC38397F157D9B150039DE6C /* ASIInputStream.m in Sources */,
				EC383980157D9B150039DE6C /* ASINetworkQueue.m in Sources */,
				EC3839A5157D9B310039DE6C /* Reachability.m in Sources */,
				EC3839B9157D9B4F0039DE6C /* JSONKit.m in Sources */,
				EC3839D0157D9B6B0039DE6C /* PSAppDelegate.m in Sources */,
				EC3839D1157D9B6B0039DE6C /* PSCaptureCore.m in Sources */,
				EC3839D2157D9B6B0039DE6C /* PSFilteredImagePicker.m in Sources */,
				EC3839D6157D9B7A0039DE6C /* PullRefreshTableViewController.m in Sources */,
			);
			runOnlyForDeploymentPostprocessing = 0;
		};
/* End PBXSourcesBuildPhase section */

/* Begin PBXTargetDependency section */
		EC3839EA157D9BB70039DE6C /* PBXTargetDependency */ = {
			isa = PBXTargetDependency;
			name = MBProgressHUD;
			targetProxy = EC3839E9157D9BB70039DE6C /* PBXContainerItemProxy */;
		};
		EC3839EC157D9BB70039DE6C /* PBXTargetDependency */ = {
			isa = PBXTargetDependency;
			name = SDWebImage;
			targetProxy = EC3839EB157D9BB70039DE6C /* PBXContainerItemProxy */;
		};
		EC3839EE157D9BB70039DE6C /* PBXTargetDependency */ = {
			isa = PBXTargetDependency;
			name = GPUImage;
			targetProxy = EC3839ED157D9BB70039DE6C /* PBXContainerItemProxy */;
		};
/* End PBXTargetDependency section */

/* Begin PBXVariantGroup section */
		A44E235E14F7746600A73307 /* InfoPlist.strings */ = {
			isa = PBXVariantGroup;
			children = (
				A44E235F14F7746600A73307 /* en */,
			);
			name = InfoPlist.strings;
			sourceTree = "<group>";
		};
		A44E236714F7746600A73307 /* MainWindow.xib */ = {
			isa = PBXVariantGroup;
			children = (
				A44E236814F7746600A73307 /* en */,
			);
			name = MainWindow.xib;
			sourceTree = "<group>";
		};
		EC3839C6157D9B6B0039DE6C /* PSCaptureCore.xib */ = {
			isa = PBXVariantGroup;
			children = (
				EC3839C7157D9B6B0039DE6C /* en */,
			);
			name = PSCaptureCore.xib;
			sourceTree = "<group>";
		};
/* End PBXVariantGroup section */

/* Begin XCBuildConfiguration section */
		A44E237614F7746600A73307 /* Debug */ = {
			isa = XCBuildConfiguration;
			buildSettings = {
				ALWAYS_SEARCH_USER_PATHS = NO;
				ARCHS = "$(ARCHS_STANDARD_32_BIT)";
				CODE_SIGN_IDENTITY = "iPhone Developer";
				COPY_PHASE_STRIP = NO;
				GCC_C_LANGUAGE_STANDARD = gnu99;
				GCC_DYNAMIC_NO_PIC = NO;
				GCC_OPTIMIZATION_LEVEL = 0;
				GCC_PREPROCESSOR_DEFINITIONS = (
					"DEBUG=1",
					"$(inherited)",
				);
				GCC_SYMBOLS_PRIVATE_EXTERN = NO;
				GCC_VERSION = com.apple.compilers.llvmgcc42;
				GCC_WARN_ABOUT_MISSING_PROTOTYPES = YES;
				GCC_WARN_ABOUT_RETURN_TYPE = YES;
				GCC_WARN_UNUSED_VARIABLE = YES;
				HEADER_SEARCH_PATHS = "./lib/**";
				IPHONEOS_DEPLOYMENT_TARGET = 4.3;
				OTHER_LDFLAGS = "-ObjC";
				PROVISIONING_PROFILE = "";
				SDKROOT = iphoneos;
				VALIDATE_PRODUCT = YES;
			};
			name = Debug;
		};
		A44E237714F7746600A73307 /* Release */ = {
			isa = XCBuildConfiguration;
			buildSettings = {
				ALWAYS_SEARCH_USER_PATHS = NO;
				ARCHS = "$(ARCHS_STANDARD_32_BIT)";
				CODE_SIGN_IDENTITY = "iPhone Developer";
				COPY_PHASE_STRIP = YES;
				GCC_C_LANGUAGE_STANDARD = gnu99;
				GCC_VERSION = com.apple.compilers.llvmgcc42;
				GCC_WARN_ABOUT_MISSING_PROTOTYPES = YES;
				GCC_WARN_ABOUT_RETURN_TYPE = YES;
				GCC_WARN_UNUSED_VARIABLE = YES;
				HEADER_SEARCH_PATHS = "./lib/**";
				IPHONEOS_DEPLOYMENT_TARGET = 4.3;
				OTHER_CFLAGS = "-DNS_BLOCK_ASSERTIONS=1";
				OTHER_LDFLAGS = "-ObjC";
				PROVISIONING_PROFILE = "";
				SDKROOT = iphoneos;
				VALIDATE_PRODUCT = YES;
			};
			name = Release;
		};
		A44E237914F7746600A73307 /* Debug */ = {
			isa = XCBuildConfiguration;
			buildSettings = {
				GCC_PRECOMPILE_PREFIX_HEADER = YES;
				GCC_PREFIX_HEADER = "PicShareClient_iOS/PicShareClient_iOS-Prefix.pch";
				GCC_VERSION = com.apple.compilers.llvm.clang.1_0;
				HEADER_SEARCH_PATHS = "../**";
				INFOPLIST_FILE = "PicShareClient_iOS/PicShareClient_iOS-Info.plist";
				IPHONEOS_DEPLOYMENT_TARGET = 4.3;
				PRODUCT_NAME = "$(TARGET_NAME)";
				WRAPPER_EXTENSION = app;
			};
			name = Debug;
		};
		A44E237A14F7746600A73307 /* Release */ = {
			isa = XCBuildConfiguration;
			buildSettings = {
				GCC_PRECOMPILE_PREFIX_HEADER = YES;
				GCC_PREFIX_HEADER = "PicShareClient_iOS/PicShareClient_iOS-Prefix.pch";
				GCC_VERSION = com.apple.compilers.llvm.clang.1_0;
				HEADER_SEARCH_PATHS = "../**";
				INFOPLIST_FILE = "PicShareClient_iOS/PicShareClient_iOS-Info.plist";
				IPHONEOS_DEPLOYMENT_TARGET = 4.3;
				PRODUCT_NAME = "$(TARGET_NAME)";
				WRAPPER_EXTENSION = app;
			};
			name = Release;
		};
/* End XCBuildConfiguration section */

/* Begin XCConfigurationList section */
		A44E234B14F7746600A73307 /* Build configuration list for PBXProject "PicShareClient_iOS" */ = {
			isa = XCConfigurationList;
			buildConfigurations = (
				A44E237614F7746600A73307 /* Debug */,
				A44E237714F7746600A73307 /* Release */,
			);
			defaultConfigurationIsVisible = 0;
			defaultConfigurationName = Release;
		};
		A44E237814F7746600A73307 /* Build configuration list for PBXNativeTarget "PicShareClient_iOS" */ = {
			isa = XCConfigurationList;
			buildConfigurations = (
				A44E237914F7746600A73307 /* Debug */,
				A44E237A14F7746600A73307 /* Release */,
			);
			defaultConfigurationIsVisible = 0;
			defaultConfigurationName = Release;
		};
/* End XCConfigurationList section */
	};
	rootObject = A44E234814F7746600A73307 /* Project object */;
}
